// !$*UTF8*$!
{
	archiveVersion = 1;
	classes = {
	};
	objectVersion = 46;
	objects = {

/* Begin PBXBuildFile section */
		4A0F0E6B33BE155C4F428E50 /* libPods-digipay.a in Frameworks */ = {isa = PBXBuildFile; fileRef = F0B8E33F33E61D28B8AEA789 /* libPods-digipay.a */; };
		9B0C5EAF1D598A2400F848BF /* PesanHotelViewController.m in Sources */ = {isa = PBXBuildFile; fileRef = 9B0C5EAE1D598A2400F848BF /* PesanHotelViewController.m */; };
		9B0C5EB61D59B72700F848BF /* HotelListViewController.m in Sources */ = {isa = PBXBuildFile; fileRef = 9B0C5EB51D59B72700F848BF /* HotelListViewController.m */; };
		9B0C5EB91D59B73700F848BF /* HotelTableViewCell.m in Sources */ = {isa = PBXBuildFile; fileRef = 9B0C5EB81D59B73700F848BF /* HotelTableViewCell.m */; };
		9B1789A61CBD339600E48844 /* TopupWalletFieldTableViewCell.m in Sources */ = {isa = PBXBuildFile; fileRef = 9B1789A51CBD339600E48844 /* TopupWalletFieldTableViewCell.m */; };
		9B1878D91D58D44E00948FAE /* DataPemesanTableViewController.m in Sources */ = {isa = PBXBuildFile; fileRef = 9B1878D81D58D44E00948FAE /* DataPemesanTableViewController.m */; };
		9B1878DC1D58D46600948FAE /* DataPemesanHeaderTableViewCell.m in Sources */ = {isa = PBXBuildFile; fileRef = 9B1878DB1D58D46600948FAE /* DataPemesanHeaderTableViewCell.m */; };
		9B1878DF1D58D47500948FAE /* DataPemesanContentTableViewCell.m in Sources */ = {isa = PBXBuildFile; fileRef = 9B1878DE1D58D47500948FAE /* DataPemesanContentTableViewCell.m */; };
		9B1878E21D58D47F00948FAE /* NextTableViewCell.m in Sources */ = {isa = PBXBuildFile; fileRef = 9B1878E11D58D47F00948FAE /* NextTableViewCell.m */; };
		9B24FC3A1C59F7160095917D /* EditProfileTableViewController.m in Sources */ = {isa = PBXBuildFile; fileRef = 9B24FC391C59F7160095917D /* EditProfileTableViewController.m */; };
		9B2639951CAE5EE9008C59D0 /* ChangePasswordAndPinTableViewController.m in Sources */ = {isa = PBXBuildFile; fileRef = 9B2639941CAE5EE9008C59D0 /* ChangePasswordAndPinTableViewController.m */; };
		9B2639991CAE866A008C59D0 /* CallUsViewController.m in Sources */ = {isa = PBXBuildFile; fileRef = 9B2639981CAE866A008C59D0 /* CallUsViewController.m */; };
		9B47819B1D5767C300FE7397 /* FlightClass.m in Sources */ = {isa = PBXBuildFile; fileRef = 9B47819A1D5767C300FE7397 /* FlightClass.m */; };
		9B47819E1D57683600FE7397 /* FlightConnection.m in Sources */ = {isa = PBXBuildFile; fileRef = 9B47819D1D57683600FE7397 /* FlightConnection.m */; };
		9B4781A11D576AA200FE7397 /* FlightSchedule.m in Sources */ = {isa = PBXBuildFile; fileRef = 9B4781A01D576AA200FE7397 /* FlightSchedule.m */; };
		9B4781A41D576CF400FE7397 /* FlightSearchInfo.m in Sources */ = {isa = PBXBuildFile; fileRef = 9B4781A31D576CF400FE7397 /* FlightSearchInfo.m */; };
		9B4781A71D57724C00FE7397 /* FlightSearchResult.m in Sources */ = {isa = PBXBuildFile; fileRef = 9B4781A61D57724C00FE7397 /* FlightSearchResult.m */; };
		9B4781AA1D57751200FE7397 /* TiketSearchResultViewController.m in Sources */ = {isa = PBXBuildFile; fileRef = 9B4781A91D57751200FE7397 /* TiketSearchResultViewController.m */; };
		9B4781AE1D5777BD00FE7397 /* DepartTableViewCell.m in Sources */ = {isa = PBXBuildFile; fileRef = 9B4781AD1D5777BD00FE7397 /* DepartTableViewCell.m */; };
		9B4781B11D5777C600FE7397 /* ReturnTableViewCell.m in Sources */ = {isa = PBXBuildFile; fileRef = 9B4781B01D5777C600FE7397 /* ReturnTableViewCell.m */; };
		9B5572461C61CF2600D4D938 /* APIManager.m in Sources */ = {isa = PBXBuildFile; fileRef = 9B5572451C61CF2600D4D938 /* APIManager.m */; };
		9B55724A1C61D55B00D4D938 /* User.m in Sources */ = {isa = PBXBuildFile; fileRef = 9B5572491C61D55B00D4D938 /* User.m */; };
		9B5DA59F1CF6ED8700EC3AF8 /* BaseViewController.m in Sources */ = {isa = PBXBuildFile; fileRef = 9B5DA59E1CF6ED8700EC3AF8 /* BaseViewController.m */; };
		9B5DA5A21CF6EEC100EC3AF8 /* BaseTableViewController.m in Sources */ = {isa = PBXBuildFile; fileRef = 9B5DA5A11CF6EEC100EC3AF8 /* BaseTableViewController.m */; };
		9B6FD9091CAD467E0037BC81 /* TopupListrikTableViewController.m in Sources */ = {isa = PBXBuildFile; fileRef = 9B6FD9081CAD467E0037BC81 /* TopupListrikTableViewController.m */; };
		9B6FD90C1CAD4BDF0037BC81 /* PayViewController.m in Sources */ = {isa = PBXBuildFile; fileRef = 9B6FD90B1CAD4BDF0037BC81 /* PayViewController.m */; };
		9B6FD90F1CAD60130037BC81 /* MyWalletViewController.m in Sources */ = {isa = PBXBuildFile; fileRef = 9B6FD90E1CAD60130037BC81 /* MyWalletViewController.m */; };
		9B88C0EB1C720F1F00216A22 /* DataManager.m in Sources */ = {isa = PBXBuildFile; fileRef = 9B88C0EA1C720F1F00216A22 /* DataManager.m */; };
		9B9FDC9C1C55D1E800DD7F24 /* main.m in Sources */ = {isa = PBXBuildFile; fileRef = 9B9FDC9B1C55D1E800DD7F24 /* main.m */; };
		9B9FDC9F1C55D1E800DD7F24 /* AppDelegate.m in Sources */ = {isa = PBXBuildFile; fileRef = 9B9FDC9E1C55D1E800DD7F24 /* AppDelegate.m */; };
		9B9FDCA51C55D1E800DD7F24 /* Main.storyboard in Resources */ = {isa = PBXBuildFile; fileRef = 9B9FDCA31C55D1E800DD7F24 /* Main.storyboard */; };
		9B9FDCA81C55D1E800DD7F24 /* digipay.xcdatamodeld in Sources */ = {isa = PBXBuildFile; fileRef = 9B9FDCA61C55D1E800DD7F24 /* digipay.xcdatamodeld */; };
		9B9FDCAA1C55D1E800DD7F24 /* Assets.xcassets in Resources */ = {isa = PBXBuildFile; fileRef = 9B9FDCA91C55D1E800DD7F24 /* Assets.xcassets */; };
		9B9FDCAD1C55D1E800DD7F24 /* LaunchScreen.storyboard in Resources */ = {isa = PBXBuildFile; fileRef = 9B9FDCAB1C55D1E800DD7F24 /* LaunchScreen.storyboard */; };
		9B9FDCB81C55D1E800DD7F24 /* digipayTests.m in Sources */ = {isa = PBXBuildFile; fileRef = 9B9FDCB71C55D1E800DD7F24 /* digipayTests.m */; };
		9B9FDCC31C55D1E800DD7F24 /* digipayUITests.m in Sources */ = {isa = PBXBuildFile; fileRef = 9B9FDCC21C55D1E800DD7F24 /* digipayUITests.m */; };
		9B9FDCD31C55D43700DD7F24 /* LoginViewController.m in Sources */ = {isa = PBXBuildFile; fileRef = 9B9FDCD21C55D43700DD7F24 /* LoginViewController.m */; };
		9B9FDCD61C56215B00DD7F24 /* PayHistoryTableViewController.m in Sources */ = {isa = PBXBuildFile; fileRef = 9B9FDCD51C56215B00DD7F24 /* PayHistoryTableViewController.m */; };
		9B9FDCDA1C5621D100DD7F24 /* PayHistoryTableViewCell.m in Sources */ = {isa = PBXBuildFile; fileRef = 9B9FDCD91C5621D100DD7F24 /* PayHistoryTableViewCell.m */; };
		9BA6E8931D5AD6DB00CF42FA /* HotelImageHeaderTableViewCell.m in Sources */ = {isa = PBXBuildFile; fileRef = 9BA6E8921D5AD6DB00CF42FA /* HotelImageHeaderTableViewCell.m */; };
		9BA6E8961D5AD6E600CF42FA /* HotelDescHeaderTableViewCell.m in Sources */ = {isa = PBXBuildFile; fileRef = 9BA6E8951D5AD6E600CF42FA /* HotelDescHeaderTableViewCell.m */; };
		9BA6E8991D5AD6FC00CF42FA /* HotelRoomListTableViewCell.m in Sources */ = {isa = PBXBuildFile; fileRef = 9BA6E8981D5AD6FC00CF42FA /* HotelRoomListTableViewCell.m */; };
		9BA6E89C1D5AD70C00CF42FA /* HotelDetailTableViewController.m in Sources */ = {isa = PBXBuildFile; fileRef = 9BA6E89B1D5AD70C00CF42FA /* HotelDetailTableViewController.m */; };
		9BB1B64D1C575882007587E0 /* RegisterTableViewController.m in Sources */ = {isa = PBXBuildFile; fileRef = 9BB1B64C1C575882007587E0 /* RegisterTableViewController.m */; };
		9BB1B6501C577E78007587E0 /* TopUpViewController.m in Sources */ = {isa = PBXBuildFile; fileRef = 9BB1B64F1C577E78007587E0 /* TopUpViewController.m */; };
		9BB1B6531C577F9F007587E0 /* MenuTableViewController.m in Sources */ = {isa = PBXBuildFile; fileRef = 9BB1B6521C577F9F007587E0 /* MenuTableViewController.m */; };
		9BD4283C1C899B3D007C1AE5 /* TopUpPulsaListTableViewController.m in Sources */ = {isa = PBXBuildFile; fileRef = 9BD4283B1C899B3D007C1AE5 /* TopUpPulsaListTableViewController.m */; };
		9BDC2F301CEB177200385A08 /* PaymentHistory.m in Sources */ = {isa = PBXBuildFile; fileRef = 9BDC2F2F1CEB177200385A08 /* PaymentHistory.m */; };
		9BE6B6A21C5B0CC000D783B9 /* TopUpPulsaTableViewController.m in Sources */ = {isa = PBXBuildFile; fileRef = 9BE6B6A11C5B0CC000D783B9 /* TopUpPulsaTableViewController.m */; };
		9BEDB6961CF0596600ECDB1F /* TabBarViewController.m in Sources */ = {isa = PBXBuildFile; fileRef = 9BEDB6951CF0596600ECDB1F /* TabBarViewController.m */; };
		9BF7A3BC1D55CF9900105AB1 /* TiketPesawatTableViewController.m in Sources */ = {isa = PBXBuildFile; fileRef = 9BF7A3BB1D55CF9900105AB1 /* TiketPesawatTableViewController.m */; };
		9BF7A3C01D55D8B400105AB1 /* Airline.m in Sources */ = {isa = PBXBuildFile; fileRef = 9BF7A3BF1D55D8B400105AB1 /* Airline.m */; };
		9BF7A3C31D55E73500105AB1 /* Airport.m in Sources */ = {isa = PBXBuildFile; fileRef = 9BF7A3C21D55E73500105AB1 /* Airport.m */; };
/* End PBXBuildFile section */

/* Begin PBXContainerItemProxy section */
		9B9FDCB41C55D1E800DD7F24 /* PBXContainerItemProxy */ = {
			isa = PBXContainerItemProxy;
			containerPortal = 9B9FDC8F1C55D1E800DD7F24 /* Project object */;
			proxyType = 1;
			remoteGlobalIDString = 9B9FDC961C55D1E800DD7F24;
			remoteInfo = digipay;
		};
		9B9FDCBF1C55D1E800DD7F24 /* PBXContainerItemProxy */ = {
			isa = PBXContainerItemProxy;
			containerPortal = 9B9FDC8F1C55D1E800DD7F24 /* Project object */;
			proxyType = 1;
			remoteGlobalIDString = 9B9FDC961C55D1E800DD7F24;
			remoteInfo = digipay;
		};
/* End PBXContainerItemProxy section */

/* Begin PBXFileReference section */
		01B636AE150F2386A0E675D2 /* Pods-digipay.debug.xcconfig */ = {isa = PBXFileReference; includeInIndex = 1; lastKnownFileType = text.xcconfig; name = "Pods-digipay.debug.xcconfig"; path = "Pods/Target Support Files/Pods-digipay/Pods-digipay.debug.xcconfig"; sourceTree = "<group>"; };
		9B0C5EAD1D598A2400F848BF /* PesanHotelViewController.h */ = {isa = PBXFileReference; fileEncoding = 4; lastKnownFileType = sourcecode.c.h; path = PesanHotelViewController.h; sourceTree = "<group>"; };
		9B0C5EAE1D598A2400F848BF /* PesanHotelViewController.m */ = {isa = PBXFileReference; fileEncoding = 4; lastKnownFileType = sourcecode.c.objc; path = PesanHotelViewController.m; sourceTree = "<group>"; };
		9B0C5EB41D59B72700F848BF /* HotelListViewController.h */ = {isa = PBXFileReference; fileEncoding = 4; lastKnownFileType = sourcecode.c.h; path = HotelListViewController.h; sourceTree = "<group>"; };
		9B0C5EB51D59B72700F848BF /* HotelListViewController.m */ = {isa = PBXFileReference; fileEncoding = 4; lastKnownFileType = sourcecode.c.objc; path = HotelListViewController.m; sourceTree = "<group>"; };
		9B0C5EB71D59B73700F848BF /* HotelTableViewCell.h */ = {isa = PBXFileReference; fileEncoding = 4; lastKnownFileType = sourcecode.c.h; path = HotelTableViewCell.h; sourceTree = "<group>"; };
		9B0C5EB81D59B73700F848BF /* HotelTableViewCell.m */ = {isa = PBXFileReference; fileEncoding = 4; lastKnownFileType = sourcecode.c.objc; path = HotelTableViewCell.m; sourceTree = "<group>"; };
		9B1789A41CBD339600E48844 /* TopupWalletFieldTableViewCell.h */ = {isa = PBXFileReference; fileEncoding = 4; lastKnownFileType = sourcecode.c.h; path = TopupWalletFieldTableViewCell.h; sourceTree = "<group>"; };
		9B1789A51CBD339600E48844 /* TopupWalletFieldTableViewCell.m */ = {isa = PBXFileReference; fileEncoding = 4; lastKnownFileType = sourcecode.c.objc; path = TopupWalletFieldTableViewCell.m; sourceTree = "<group>"; };
		9B1878D71D58D44E00948FAE /* DataPemesanTableViewController.h */ = {isa = PBXFileReference; fileEncoding = 4; lastKnownFileType = sourcecode.c.h; path = DataPemesanTableViewController.h; sourceTree = "<group>"; };
		9B1878D81D58D44E00948FAE /* DataPemesanTableViewController.m */ = {isa = PBXFileReference; fileEncoding = 4; lastKnownFileType = sourcecode.c.objc; path = DataPemesanTableViewController.m; sourceTree = "<group>"; };
		9B1878DA1D58D46600948FAE /* DataPemesanHeaderTableViewCell.h */ = {isa = PBXFileReference; fileEncoding = 4; lastKnownFileType = sourcecode.c.h; path = DataPemesanHeaderTableViewCell.h; sourceTree = "<group>"; };
		9B1878DB1D58D46600948FAE /* DataPemesanHeaderTableViewCell.m */ = {isa = PBXFileReference; fileEncoding = 4; lastKnownFileType = sourcecode.c.objc; path = DataPemesanHeaderTableViewCell.m; sourceTree = "<group>"; };
		9B1878DD1D58D47500948FAE /* DataPemesanContentTableViewCell.h */ = {isa = PBXFileReference; fileEncoding = 4; lastKnownFileType = sourcecode.c.h; path = DataPemesanContentTableViewCell.h; sourceTree = "<group>"; };
		9B1878DE1D58D47500948FAE /* DataPemesanContentTableViewCell.m */ = {isa = PBXFileReference; fileEncoding = 4; lastKnownFileType = sourcecode.c.objc; path = DataPemesanContentTableViewCell.m; sourceTree = "<group>"; };
		9B1878E01D58D47F00948FAE /* NextTableViewCell.h */ = {isa = PBXFileReference; fileEncoding = 4; lastKnownFileType = sourcecode.c.h; path = NextTableViewCell.h; sourceTree = "<group>"; };
		9B1878E11D58D47F00948FAE /* NextTableViewCell.m */ = {isa = PBXFileReference; fileEncoding = 4; lastKnownFileType = sourcecode.c.objc; path = NextTableViewCell.m; sourceTree = "<group>"; };
		9B24FC381C59F7160095917D /* EditProfileTableViewController.h */ = {isa = PBXFileReference; fileEncoding = 4; lastKnownFileType = sourcecode.c.h; path = EditProfileTableViewController.h; sourceTree = "<group>"; };
		9B24FC391C59F7160095917D /* EditProfileTableViewController.m */ = {isa = PBXFileReference; fileEncoding = 4; lastKnownFileType = sourcecode.c.objc; path = EditProfileTableViewController.m; sourceTree = "<group>"; };
		9B2639931CAE5EE9008C59D0 /* ChangePasswordAndPinTableViewController.h */ = {isa = PBXFileReference; fileEncoding = 4; lastKnownFileType = sourcecode.c.h; path = ChangePasswordAndPinTableViewController.h; sourceTree = "<group>"; };
		9B2639941CAE5EE9008C59D0 /* ChangePasswordAndPinTableViewController.m */ = {isa = PBXFileReference; fileEncoding = 4; lastKnownFileType = sourcecode.c.objc; path = ChangePasswordAndPinTableViewController.m; sourceTree = "<group>"; };
		9B2639971CAE866A008C59D0 /* CallUsViewController.h */ = {isa = PBXFileReference; fileEncoding = 4; lastKnownFileType = sourcecode.c.h; path = CallUsViewController.h; sourceTree = "<group>"; };
		9B2639981CAE866A008C59D0 /* CallUsViewController.m */ = {isa = PBXFileReference; fileEncoding = 4; lastKnownFileType = sourcecode.c.objc; path = CallUsViewController.m; sourceTree = "<group>"; };
		9B4781991D5767C300FE7397 /* FlightClass.h */ = {isa = PBXFileReference; fileEncoding = 4; lastKnownFileType = sourcecode.c.h; path = FlightClass.h; sourceTree = "<group>"; };
		9B47819A1D5767C300FE7397 /* FlightClass.m */ = {isa = PBXFileReference; fileEncoding = 4; lastKnownFileType = sourcecode.c.objc; path = FlightClass.m; sourceTree = "<group>"; };
		9B47819C1D57683600FE7397 /* FlightConnection.h */ = {isa = PBXFileReference; fileEncoding = 4; lastKnownFileType = sourcecode.c.h; path = FlightConnection.h; sourceTree = "<group>"; };
		9B47819D1D57683600FE7397 /* FlightConnection.m */ = {isa = PBXFileReference; fileEncoding = 4; lastKnownFileType = sourcecode.c.objc; path = FlightConnection.m; sourceTree = "<group>"; };
		9B47819F1D576AA200FE7397 /* FlightSchedule.h */ = {isa = PBXFileReference; fileEncoding = 4; lastKnownFileType = sourcecode.c.h; path = FlightSchedule.h; sourceTree = "<group>"; };
		9B4781A01D576AA200FE7397 /* FlightSchedule.m */ = {isa = PBXFileReference; fileEncoding = 4; lastKnownFileType = sourcecode.c.objc; path = FlightSchedule.m; sourceTree = "<group>"; };
		9B4781A21D576CF400FE7397 /* FlightSearchInfo.h */ = {isa = PBXFileReference; fileEncoding = 4; lastKnownFileType = sourcecode.c.h; path = FlightSearchInfo.h; sourceTree = "<group>"; };
		9B4781A31D576CF400FE7397 /* FlightSearchInfo.m */ = {isa = PBXFileReference; fileEncoding = 4; lastKnownFileType = sourcecode.c.objc; path = FlightSearchInfo.m; sourceTree = "<group>"; };
		9B4781A51D57724C00FE7397 /* FlightSearchResult.h */ = {isa = PBXFileReference; fileEncoding = 4; lastKnownFileType = sourcecode.c.h; path = FlightSearchResult.h; sourceTree = "<group>"; };
		9B4781A61D57724C00FE7397 /* FlightSearchResult.m */ = {isa = PBXFileReference; fileEncoding = 4; lastKnownFileType = sourcecode.c.objc; path = FlightSearchResult.m; sourceTree = "<group>"; };
		9B4781A81D57751200FE7397 /* TiketSearchResultViewController.h */ = {isa = PBXFileReference; fileEncoding = 4; lastKnownFileType = sourcecode.c.h; path = TiketSearchResultViewController.h; sourceTree = "<group>"; };
		9B4781A91D57751200FE7397 /* TiketSearchResultViewController.m */ = {isa = PBXFileReference; fileEncoding = 4; lastKnownFileType = sourcecode.c.objc; path = TiketSearchResultViewController.m; sourceTree = "<group>"; };
		9B4781AC1D5777BD00FE7397 /* DepartTableViewCell.h */ = {isa = PBXFileReference; fileEncoding = 4; lastKnownFileType = sourcecode.c.h; path = DepartTableViewCell.h; sourceTree = "<group>"; };
		9B4781AD1D5777BD00FE7397 /* DepartTableViewCell.m */ = {isa = PBXFileReference; fileEncoding = 4; lastKnownFileType = sourcecode.c.objc; path = DepartTableViewCell.m; sourceTree = "<group>"; };
		9B4781AF1D5777C600FE7397 /* ReturnTableViewCell.h */ = {isa = PBXFileReference; fileEncoding = 4; lastKnownFileType = sourcecode.c.h; path = ReturnTableViewCell.h; sourceTree = "<group>"; };
		9B4781B01D5777C600FE7397 /* ReturnTableViewCell.m */ = {isa = PBXFileReference; fileEncoding = 4; lastKnownFileType = sourcecode.c.objc; path = ReturnTableViewCell.m; sourceTree = "<group>"; };
		9B5572431C61CCBF00D4D938 /* Constants.h */ = {isa = PBXFileReference; lastKnownFileType = sourcecode.c.h; path = Constants.h; sourceTree = "<group>"; };
		9B5572441C61CF2600D4D938 /* APIManager.h */ = {isa = PBXFileReference; fileEncoding = 4; lastKnownFileType = sourcecode.c.h; path = APIManager.h; sourceTree = "<group>"; };
		9B5572451C61CF2600D4D938 /* APIManager.m */ = {isa = PBXFileReference; fileEncoding = 4; lastKnownFileType = sourcecode.c.objc; path = APIManager.m; sourceTree = "<group>"; };
		9B5572481C61D55B00D4D938 /* User.h */ = {isa = PBXFileReference; fileEncoding = 4; lastKnownFileType = sourcecode.c.h; path = User.h; sourceTree = "<group>"; };
		9B5572491C61D55B00D4D938 /* User.m */ = {isa = PBXFileReference; fileEncoding = 4; lastKnownFileType = sourcecode.c.objc; path = User.m; sourceTree = "<group>"; };
		9B5DA59D1CF6ED8700EC3AF8 /* BaseViewController.h */ = {isa = PBXFileReference; fileEncoding = 4; lastKnownFileType = sourcecode.c.h; path = BaseViewController.h; sourceTree = "<group>"; };
		9B5DA59E1CF6ED8700EC3AF8 /* BaseViewController.m */ = {isa = PBXFileReference; fileEncoding = 4; lastKnownFileType = sourcecode.c.objc; path = BaseViewController.m; sourceTree = "<group>"; };
		9B5DA5A01CF6EEC100EC3AF8 /* BaseTableViewController.h */ = {isa = PBXFileReference; fileEncoding = 4; lastKnownFileType = sourcecode.c.h; path = BaseTableViewController.h; sourceTree = "<group>"; };
		9B5DA5A11CF6EEC100EC3AF8 /* BaseTableViewController.m */ = {isa = PBXFileReference; fileEncoding = 4; lastKnownFileType = sourcecode.c.objc; path = BaseTableViewController.m; sourceTree = "<group>"; };
		9B6FD9071CAD467E0037BC81 /* TopupListrikTableViewController.h */ = {isa = PBXFileReference; fileEncoding = 4; lastKnownFileType = sourcecode.c.h; path = TopupListrikTableViewController.h; sourceTree = "<group>"; };
		9B6FD9081CAD467E0037BC81 /* TopupListrikTableViewController.m */ = {isa = PBXFileReference; fileEncoding = 4; lastKnownFileType = sourcecode.c.objc; path = TopupListrikTableViewController.m; sourceTree = "<group>"; };
		9B6FD90A1CAD4BDF0037BC81 /* PayViewController.h */ = {isa = PBXFileReference; fileEncoding = 4; lastKnownFileType = sourcecode.c.h; path = PayViewController.h; sourceTree = "<group>"; };
		9B6FD90B1CAD4BDF0037BC81 /* PayViewController.m */ = {isa = PBXFileReference; fileEncoding = 4; lastKnownFileType = sourcecode.c.objc; path = PayViewController.m; sourceTree = "<group>"; };
		9B6FD90D1CAD60130037BC81 /* MyWalletViewController.h */ = {isa = PBXFileReference; fileEncoding = 4; lastKnownFileType = sourcecode.c.h; path = MyWalletViewController.h; sourceTree = "<group>"; };
		9B6FD90E1CAD60130037BC81 /* MyWalletViewController.m */ = {isa = PBXFileReference; fileEncoding = 4; lastKnownFileType = sourcecode.c.objc; path = MyWalletViewController.m; sourceTree = "<group>"; };
		9B88C0E91C720F1F00216A22 /* DataManager.h */ = {isa = PBXFileReference; fileEncoding = 4; lastKnownFileType = sourcecode.c.h; path = DataManager.h; sourceTree = "<group>"; };
		9B88C0EA1C720F1F00216A22 /* DataManager.m */ = {isa = PBXFileReference; fileEncoding = 4; lastKnownFileType = sourcecode.c.objc; path = DataManager.m; sourceTree = "<group>"; };
		9B9FDC971C55D1E800DD7F24 /* digipay.app */ = {isa = PBXFileReference; explicitFileType = wrapper.application; includeInIndex = 0; path = digipay.app; sourceTree = BUILT_PRODUCTS_DIR; };
		9B9FDC9B1C55D1E800DD7F24 /* main.m */ = {isa = PBXFileReference; lastKnownFileType = sourcecode.c.objc; path = main.m; sourceTree = "<group>"; };
		9B9FDC9D1C55D1E800DD7F24 /* AppDelegate.h */ = {isa = PBXFileReference; lastKnownFileType = sourcecode.c.h; path = AppDelegate.h; sourceTree = "<group>"; };
		9B9FDC9E1C55D1E800DD7F24 /* AppDelegate.m */ = {isa = PBXFileReference; lastKnownFileType = sourcecode.c.objc; path = AppDelegate.m; sourceTree = "<group>"; };
		9B9FDCA41C55D1E800DD7F24 /* Base */ = {isa = PBXFileReference; lastKnownFileType = file.storyboard; name = Base; path = Base.lproj/Main.storyboard; sourceTree = "<group>"; };
		9B9FDCA71C55D1E800DD7F24 /* digipay.xcdatamodel */ = {isa = PBXFileReference; lastKnownFileType = wrapper.xcdatamodel; path = digipay.xcdatamodel; sourceTree = "<group>"; };
		9B9FDCA91C55D1E800DD7F24 /* Assets.xcassets */ = {isa = PBXFileReference; lastKnownFileType = folder.assetcatalog; path = Assets.xcassets; sourceTree = "<group>"; };
		9B9FDCAC1C55D1E800DD7F24 /* Base */ = {isa = PBXFileReference; lastKnownFileType = file.storyboard; name = Base; path = Base.lproj/LaunchScreen.storyboard; sourceTree = "<group>"; };
		9B9FDCAE1C55D1E800DD7F24 /* Info.plist */ = {isa = PBXFileReference; lastKnownFileType = text.plist.xml; path = Info.plist; sourceTree = "<group>"; };
		9B9FDCB31C55D1E800DD7F24 /* digipayTests.xctest */ = {isa = PBXFileReference; explicitFileType = wrapper.cfbundle; includeInIndex = 0; path = digipayTests.xctest; sourceTree = BUILT_PRODUCTS_DIR; };
		9B9FDCB71C55D1E800DD7F24 /* digipayTests.m */ = {isa = PBXFileReference; lastKnownFileType = sourcecode.c.objc; path = digipayTests.m; sourceTree = "<group>"; };
		9B9FDCB91C55D1E800DD7F24 /* Info.plist */ = {isa = PBXFileReference; lastKnownFileType = text.plist.xml; path = Info.plist; sourceTree = "<group>"; };
		9B9FDCBE1C55D1E800DD7F24 /* digipayUITests.xctest */ = {isa = PBXFileReference; explicitFileType = wrapper.cfbundle; includeInIndex = 0; path = digipayUITests.xctest; sourceTree = BUILT_PRODUCTS_DIR; };
		9B9FDCC21C55D1E800DD7F24 /* digipayUITests.m */ = {isa = PBXFileReference; lastKnownFileType = sourcecode.c.objc; path = digipayUITests.m; sourceTree = "<group>"; };
		9B9FDCC41C55D1E800DD7F24 /* Info.plist */ = {isa = PBXFileReference; lastKnownFileType = text.plist.xml; path = Info.plist; sourceTree = "<group>"; };
		9B9FDCD11C55D43700DD7F24 /* LoginViewController.h */ = {isa = PBXFileReference; fileEncoding = 4; lastKnownFileType = sourcecode.c.h; path = LoginViewController.h; sourceTree = "<group>"; };
		9B9FDCD21C55D43700DD7F24 /* LoginViewController.m */ = {isa = PBXFileReference; fileEncoding = 4; lastKnownFileType = sourcecode.c.objc; path = LoginViewController.m; sourceTree = "<group>"; };
		9B9FDCD41C56215B00DD7F24 /* PayHistoryTableViewController.h */ = {isa = PBXFileReference; fileEncoding = 4; lastKnownFileType = sourcecode.c.h; path = PayHistoryTableViewController.h; sourceTree = "<group>"; };
		9B9FDCD51C56215B00DD7F24 /* PayHistoryTableViewController.m */ = {isa = PBXFileReference; fileEncoding = 4; lastKnownFileType = sourcecode.c.objc; path = PayHistoryTableViewController.m; sourceTree = "<group>"; };
		9B9FDCD81C5621D100DD7F24 /* PayHistoryTableViewCell.h */ = {isa = PBXFileReference; fileEncoding = 4; lastKnownFileType = sourcecode.c.h; path = PayHistoryTableViewCell.h; sourceTree = "<group>"; };
		9B9FDCD91C5621D100DD7F24 /* PayHistoryTableViewCell.m */ = {isa = PBXFileReference; fileEncoding = 4; lastKnownFileType = sourcecode.c.objc; path = PayHistoryTableViewCell.m; sourceTree = "<group>"; };
		9BA6E8911D5AD6DB00CF42FA /* HotelImageHeaderTableViewCell.h */ = {isa = PBXFileReference; fileEncoding = 4; lastKnownFileType = sourcecode.c.h; path = HotelImageHeaderTableViewCell.h; sourceTree = "<group>"; };
		9BA6E8921D5AD6DB00CF42FA /* HotelImageHeaderTableViewCell.m */ = {isa = PBXFileReference; fileEncoding = 4; lastKnownFileType = sourcecode.c.objc; path = HotelImageHeaderTableViewCell.m; sourceTree = "<group>"; };
		9BA6E8941D5AD6E600CF42FA /* HotelDescHeaderTableViewCell.h */ = {isa = PBXFileReference; fileEncoding = 4; lastKnownFileType = sourcecode.c.h; path = HotelDescHeaderTableViewCell.h; sourceTree = "<group>"; };
		9BA6E8951D5AD6E600CF42FA /* HotelDescHeaderTableViewCell.m */ = {isa = PBXFileReference; fileEncoding = 4; lastKnownFileType = sourcecode.c.objc; path = HotelDescHeaderTableViewCell.m; sourceTree = "<group>"; };
		9BA6E8971D5AD6FC00CF42FA /* HotelRoomListTableViewCell.h */ = {isa = PBXFileReference; fileEncoding = 4; lastKnownFileType = sourcecode.c.h; path = HotelRoomListTableViewCell.h; sourceTree = "<group>"; };
		9BA6E8981D5AD6FC00CF42FA /* HotelRoomListTableViewCell.m */ = {isa = PBXFileReference; fileEncoding = 4; lastKnownFileType = sourcecode.c.objc; path = HotelRoomListTableViewCell.m; sourceTree = "<group>"; };
		9BA6E89A1D5AD70C00CF42FA /* HotelDetailTableViewController.h */ = {isa = PBXFileReference; fileEncoding = 4; lastKnownFileType = sourcecode.c.h; path = HotelDetailTableViewController.h; sourceTree = "<group>"; };
		9BA6E89B1D5AD70C00CF42FA /* HotelDetailTableViewController.m */ = {isa = PBXFileReference; fileEncoding = 4; lastKnownFileType = sourcecode.c.objc; path = HotelDetailTableViewController.m; sourceTree = "<group>"; };
		9BB1B64B1C575882007587E0 /* RegisterTableViewController.h */ = {isa = PBXFileReference; fileEncoding = 4; lastKnownFileType = sourcecode.c.h; path = RegisterTableViewController.h; sourceTree = "<group>"; };
		9BB1B64C1C575882007587E0 /* RegisterTableViewController.m */ = {isa = PBXFileReference; fileEncoding = 4; lastKnownFileType = sourcecode.c.objc; path = RegisterTableViewController.m; sourceTree = "<group>"; };
		9BB1B64E1C577E78007587E0 /* TopUpViewController.h */ = {isa = PBXFileReference; fileEncoding = 4; lastKnownFileType = sourcecode.c.h; path = TopUpViewController.h; sourceTree = "<group>"; };
		9BB1B64F1C577E78007587E0 /* TopUpViewController.m */ = {isa = PBXFileReference; fileEncoding = 4; lastKnownFileType = sourcecode.c.objc; path = TopUpViewController.m; sourceTree = "<group>"; };
		9BB1B6511C577F9F007587E0 /* MenuTableViewController.h */ = {isa = PBXFileReference; fileEncoding = 4; lastKnownFileType = sourcecode.c.h; path = MenuTableViewController.h; sourceTree = "<group>"; };
		9BB1B6521C577F9F007587E0 /* MenuTableViewController.m */ = {isa = PBXFileReference; fileEncoding = 4; lastKnownFileType = sourcecode.c.objc; path = MenuTableViewController.m; sourceTree = "<group>"; };
		9BD4283A1C899B3D007C1AE5 /* TopUpPulsaListTableViewController.h */ = {isa = PBXFileReference; fileEncoding = 4; lastKnownFileType = sourcecode.c.h; path = TopUpPulsaListTableViewController.h; sourceTree = "<group>"; };
		9BD4283B1C899B3D007C1AE5 /* TopUpPulsaListTableViewController.m */ = {isa = PBXFileReference; fileEncoding = 4; lastKnownFileType = sourcecode.c.objc; path = TopUpPulsaListTableViewController.m; sourceTree = "<group>"; };
		9BDC2F2E1CEB177200385A08 /* PaymentHistory.h */ = {isa = PBXFileReference; fileEncoding = 4; lastKnownFileType = sourcecode.c.h; path = PaymentHistory.h; sourceTree = "<group>"; };
		9BDC2F2F1CEB177200385A08 /* PaymentHistory.m */ = {isa = PBXFileReference; fileEncoding = 4; lastKnownFileType = sourcecode.c.objc; path = PaymentHistory.m; sourceTree = "<group>"; };
		9BE6B6A01C5B0CC000D783B9 /* TopUpPulsaTableViewController.h */ = {isa = PBXFileReference; fileEncoding = 4; lastKnownFileType = sourcecode.c.h; path = TopUpPulsaTableViewController.h; sourceTree = "<group>"; };
		9BE6B6A11C5B0CC000D783B9 /* TopUpPulsaTableViewController.m */ = {isa = PBXFileReference; fileEncoding = 4; lastKnownFileType = sourcecode.c.objc; path = TopUpPulsaTableViewController.m; sourceTree = "<group>"; };
		9BEDB6941CF0596600ECDB1F /* TabBarViewController.h */ = {isa = PBXFileReference; fileEncoding = 4; lastKnownFileType = sourcecode.c.h; path = TabBarViewController.h; sourceTree = "<group>"; };
		9BEDB6951CF0596600ECDB1F /* TabBarViewController.m */ = {isa = PBXFileReference; fileEncoding = 4; lastKnownFileType = sourcecode.c.objc; path = TabBarViewController.m; sourceTree = "<group>"; };
		9BF7A3BA1D55CF9900105AB1 /* TiketPesawatTableViewController.h */ = {isa = PBXFileReference; fileEncoding = 4; lastKnownFileType = sourcecode.c.h; path = TiketPesawatTableViewController.h; sourceTree = "<group>"; };
		9BF7A3BB1D55CF9900105AB1 /* TiketPesawatTableViewController.m */ = {isa = PBXFileReference; fileEncoding = 4; lastKnownFileType = sourcecode.c.objc; path = TiketPesawatTableViewController.m; sourceTree = "<group>"; };
		9BF7A3BD1D55D4CA00105AB1 /* digipay-prefix.pch */ = {isa = PBXFileReference; lastKnownFileType = sourcecode.c.h; path = "digipay-prefix.pch"; sourceTree = "<group>"; };
		9BF7A3BE1D55D8B400105AB1 /* Airline.h */ = {isa = PBXFileReference; fileEncoding = 4; lastKnownFileType = sourcecode.c.h; path = Airline.h; sourceTree = "<group>"; };
		9BF7A3BF1D55D8B400105AB1 /* Airline.m */ = {isa = PBXFileReference; fileEncoding = 4; lastKnownFileType = sourcecode.c.objc; path = Airline.m; sourceTree = "<group>"; };
		9BF7A3C11D55E73500105AB1 /* Airport.h */ = {isa = PBXFileReference; fileEncoding = 4; lastKnownFileType = sourcecode.c.h; path = Airport.h; sourceTree = "<group>"; };
		9BF7A3C21D55E73500105AB1 /* Airport.m */ = {isa = PBXFileReference; fileEncoding = 4; lastKnownFileType = sourcecode.c.objc; path = Airport.m; sourceTree = "<group>"; };
		C399A59B13B6F3B14D56D2EA /* Pods-digipay.release.xcconfig */ = {isa = PBXFileReference; includeInIndex = 1; lastKnownFileType = text.xcconfig; name = "Pods-digipay.release.xcconfig"; path = "Pods/Target Support Files/Pods-digipay/Pods-digipay.release.xcconfig"; sourceTree = "<group>"; };
		F0B8E33F33E61D28B8AEA789 /* libPods-digipay.a */ = {isa = PBXFileReference; explicitFileType = archive.ar; includeInIndex = 0; path = "libPods-digipay.a"; sourceTree = BUILT_PRODUCTS_DIR; };
/* End PBXFileReference section */

/* Begin PBXFrameworksBuildPhase section */
		9B9FDC941C55D1E800DD7F24 /* Frameworks */ = {
			isa = PBXFrameworksBuildPhase;
			buildActionMask = 2147483647;
			files = (
				4A0F0E6B33BE155C4F428E50 /* libPods-digipay.a in Frameworks */,
			);
			runOnlyForDeploymentPostprocessing = 0;
		};
		9B9FDCB01C55D1E800DD7F24 /* Frameworks */ = {
			isa = PBXFrameworksBuildPhase;
			buildActionMask = 2147483647;
			files = (
			);
			runOnlyForDeploymentPostprocessing = 0;
		};
		9B9FDCBB1C55D1E800DD7F24 /* Frameworks */ = {
			isa = PBXFrameworksBuildPhase;
			buildActionMask = 2147483647;
			files = (
			);
			runOnlyForDeploymentPostprocessing = 0;
		};
/* End PBXFrameworksBuildPhase section */

/* Begin PBXGroup section */
		6F55214C4BB8694E455CE73E /* Frameworks */ = {
			isa = PBXGroup;
			children = (
				F0B8E33F33E61D28B8AEA789 /* libPods-digipay.a */,
			);
			name = Frameworks;
			sourceTree = "<group>";
		};
		9B0697DD1D550433009FD1F7 /* Tiket Pesawat */ = {
			isa = PBXGroup;
			children = (
				9B4781AB1D5777A200FE7397 /* Table View Cell */,
				9BF7A3BA1D55CF9900105AB1 /* TiketPesawatTableViewController.h */,
				9BF7A3BB1D55CF9900105AB1 /* TiketPesawatTableViewController.m */,
				9B4781A81D57751200FE7397 /* TiketSearchResultViewController.h */,
				9B4781A91D57751200FE7397 /* TiketSearchResultViewController.m */,
				9B1878D71D58D44E00948FAE /* DataPemesanTableViewController.h */,
				9B1878D81D58D44E00948FAE /* DataPemesanTableViewController.m */,
			);
			name = "Tiket Pesawat";
			sourceTree = "<group>";
		};
		9B0C5EAC1D5989F500F848BF /* Pesan Hotel */ = {
			isa = PBXGroup;
			children = (
				9B0C5EB01D59B6D600F848BF /* Table View Cell */,
				9B0C5EAD1D598A2400F848BF /* PesanHotelViewController.h */,
				9B0C5EAE1D598A2400F848BF /* PesanHotelViewController.m */,
				9B0C5EB41D59B72700F848BF /* HotelListViewController.h */,
				9B0C5EB51D59B72700F848BF /* HotelListViewController.m */,
				9BA6E89A1D5AD70C00CF42FA /* HotelDetailTableViewController.h */,
				9BA6E89B1D5AD70C00CF42FA /* HotelDetailTableViewController.m */,
			);
			name = "Pesan Hotel";
			sourceTree = "<group>";
		};
		9B0C5EB01D59B6D600F848BF /* Table View Cell */ = {
			isa = PBXGroup;
			children = (
				9B0C5EB71D59B73700F848BF /* HotelTableViewCell.h */,
				9B0C5EB81D59B73700F848BF /* HotelTableViewCell.m */,
				9BA6E8911D5AD6DB00CF42FA /* HotelImageHeaderTableViewCell.h */,
				9BA6E8921D5AD6DB00CF42FA /* HotelImageHeaderTableViewCell.m */,
				9BA6E8941D5AD6E600CF42FA /* HotelDescHeaderTableViewCell.h */,
				9BA6E8951D5AD6E600CF42FA /* HotelDescHeaderTableViewCell.m */,
				9BA6E8971D5AD6FC00CF42FA /* HotelRoomListTableViewCell.h */,
				9BA6E8981D5AD6FC00CF42FA /* HotelRoomListTableViewCell.m */,
			);
			name = "Table View Cell";
			sourceTree = "<group>";
		};
		9B4781AB1D5777A200FE7397 /* Table View Cell */ = {
			isa = PBXGroup;
			children = (
				9B4781AC1D5777BD00FE7397 /* DepartTableViewCell.h */,
				9B4781AD1D5777BD00FE7397 /* DepartTableViewCell.m */,
				9B4781AF1D5777C600FE7397 /* ReturnTableViewCell.h */,
				9B4781B01D5777C600FE7397 /* ReturnTableViewCell.m */,
				9B1878DA1D58D46600948FAE /* DataPemesanHeaderTableViewCell.h */,
				9B1878DB1D58D46600948FAE /* DataPemesanHeaderTableViewCell.m */,
				9B1878DD1D58D47500948FAE /* DataPemesanContentTableViewCell.h */,
				9B1878DE1D58D47500948FAE /* DataPemesanContentTableViewCell.m */,
				9B1878E01D58D47F00948FAE /* NextTableViewCell.h */,
				9B1878E11D58D47F00948FAE /* NextTableViewCell.m */,
			);
			name = "Table View Cell";
			sourceTree = "<group>";
		};
		9B5572421C61CC9C00D4D938 /* Managers */ = {
			isa = PBXGroup;
			children = (
				9B5572431C61CCBF00D4D938 /* Constants.h */,
				9B5572441C61CF2600D4D938 /* APIManager.h */,
				9B5572451C61CF2600D4D938 /* APIManager.m */,
				9B88C0E91C720F1F00216A22 /* DataManager.h */,
				9B88C0EA1C720F1F00216A22 /* DataManager.m */,
			);
			name = Managers;
			sourceTree = "<group>";
		};
		9B5572471C61D54500D4D938 /* Models */ = {
			isa = PBXGroup;
			children = (
				9B5572481C61D55B00D4D938 /* User.h */,
				9B5572491C61D55B00D4D938 /* User.m */,
				9BDC2F2E1CEB177200385A08 /* PaymentHistory.h */,
				9BDC2F2F1CEB177200385A08 /* PaymentHistory.m */,
				9BF7A3BE1D55D8B400105AB1 /* Airline.h */,
				9BF7A3BF1D55D8B400105AB1 /* Airline.m */,
				9BF7A3C11D55E73500105AB1 /* Airport.h */,
				9BF7A3C21D55E73500105AB1 /* Airport.m */,
				9B4781991D5767C300FE7397 /* FlightClass.h */,
				9B47819A1D5767C300FE7397 /* FlightClass.m */,
				9B47819C1D57683600FE7397 /* FlightConnection.h */,
				9B47819D1D57683600FE7397 /* FlightConnection.m */,
				9B47819F1D576AA200FE7397 /* FlightSchedule.h */,
				9B4781A01D576AA200FE7397 /* FlightSchedule.m */,
				9B4781A21D576CF400FE7397 /* FlightSearchInfo.h */,
				9B4781A31D576CF400FE7397 /* FlightSearchInfo.m */,
				9B4781A51D57724C00FE7397 /* FlightSearchResult.h */,
				9B4781A61D57724C00FE7397 /* FlightSearchResult.m */,
			);
			name = Models;
			sourceTree = "<group>";
		};
		9B5DA5A31CF6F3D700EC3AF8 /* Features */ = {
			isa = PBXGroup;
			children = (
				9B0C5EAC1D5989F500F848BF /* Pesan Hotel */,
				9B0697DD1D550433009FD1F7 /* Tiket Pesawat */,
				9B5DA5AD1CF6F4D000EC3AF8 /* Top Up Pulsa */,
				9B5DA5AE1CF6F4EC00EC3AF8 /* Top Up Listrik */,
				9B5DA5AF1CF6F50100EC3AF8 /* History */,
				9B5DA5AC1CF6F4C400EC3AF8 /* Profile Menu */,
				9B5DA5AA1CF6F46C00EC3AF8 /* Pay Menu */,
				9B5DA5A91CF6F44300EC3AF8 /* My Wallet */,
				9B5DA5A81CF6F42200EC3AF8 /* Call Us */,
				9B5DA5A71CF6F41200EC3AF8 /* Change Password & PIN */,
				9B5DA5AB1CF6F4A500EC3AF8 /* Top Up Deposit */,
				9B5DA5A61CF6F3F700EC3AF8 /* Edit Profile */,
				9B5DA5A51CF6F3E700EC3AF8 /* Regsiter */,
				9B5DA5A41CF6F3DD00EC3AF8 /* Login */,
			);
			name = Features;
			sourceTree = "<group>";
		};
		9B5DA5A41CF6F3DD00EC3AF8 /* Login */ = {
			isa = PBXGroup;
			children = (
				9B9FDCD11C55D43700DD7F24 /* LoginViewController.h */,
				9B9FDCD21C55D43700DD7F24 /* LoginViewController.m */,
			);
			name = Login;
			sourceTree = "<group>";
		};
		9B5DA5A51CF6F3E700EC3AF8 /* Regsiter */ = {
			isa = PBXGroup;
			children = (
				9BB1B64B1C575882007587E0 /* RegisterTableViewController.h */,
				9BB1B64C1C575882007587E0 /* RegisterTableViewController.m */,
			);
			name = Regsiter;
			sourceTree = "<group>";
		};
		9B5DA5A61CF6F3F700EC3AF8 /* Edit Profile */ = {
			isa = PBXGroup;
			children = (
				9B24FC381C59F7160095917D /* EditProfileTableViewController.h */,
				9B24FC391C59F7160095917D /* EditProfileTableViewController.m */,
			);
			name = "Edit Profile";
			sourceTree = "<group>";
		};
		9B5DA5A71CF6F41200EC3AF8 /* Change Password & PIN */ = {
			isa = PBXGroup;
			children = (
				9B2639931CAE5EE9008C59D0 /* ChangePasswordAndPinTableViewController.h */,
				9B2639941CAE5EE9008C59D0 /* ChangePasswordAndPinTableViewController.m */,
			);
			name = "Change Password & PIN";
			sourceTree = "<group>";
		};
		9B5DA5A81CF6F42200EC3AF8 /* Call Us */ = {
			isa = PBXGroup;
			children = (
				9B2639971CAE866A008C59D0 /* CallUsViewController.h */,
				9B2639981CAE866A008C59D0 /* CallUsViewController.m */,
			);
			name = "Call Us";
			sourceTree = "<group>";
		};
		9B5DA5A91CF6F44300EC3AF8 /* My Wallet */ = {
			isa = PBXGroup;
			children = (
				9B6FD90D1CAD60130037BC81 /* MyWalletViewController.h */,
				9B6FD90E1CAD60130037BC81 /* MyWalletViewController.m */,
			);
			name = "My Wallet";
			sourceTree = "<group>";
		};
		9B5DA5AA1CF6F46C00EC3AF8 /* Pay Menu */ = {
			isa = PBXGroup;
			children = (
				9B6FD90A1CAD4BDF0037BC81 /* PayViewController.h */,
				9B6FD90B1CAD4BDF0037BC81 /* PayViewController.m */,
			);
			name = "Pay Menu";
			sourceTree = "<group>";
		};
		9B5DA5AB1CF6F4A500EC3AF8 /* Top Up Deposit */ = {
			isa = PBXGroup;
			children = (
				9B1789A41CBD339600E48844 /* TopupWalletFieldTableViewCell.h */,
				9B1789A51CBD339600E48844 /* TopupWalletFieldTableViewCell.m */,
				9BB1B64E1C577E78007587E0 /* TopUpViewController.h */,
				9BB1B64F1C577E78007587E0 /* TopUpViewController.m */,
			);
			name = "Top Up Deposit";
			sourceTree = "<group>";
		};
		9B5DA5AC1CF6F4C400EC3AF8 /* Profile Menu */ = {
			isa = PBXGroup;
			children = (
				9BB1B6511C577F9F007587E0 /* MenuTableViewController.h */,
				9BB1B6521C577F9F007587E0 /* MenuTableViewController.m */,
			);
			name = "Profile Menu";
			sourceTree = "<group>";
		};
		9B5DA5AD1CF6F4D000EC3AF8 /* Top Up Pulsa */ = {
			isa = PBXGroup;
			children = (
				9BE6B6A01C5B0CC000D783B9 /* TopUpPulsaTableViewController.h */,
				9BE6B6A11C5B0CC000D783B9 /* TopUpPulsaTableViewController.m */,
				9BD4283A1C899B3D007C1AE5 /* TopUpPulsaListTableViewController.h */,
				9BD4283B1C899B3D007C1AE5 /* TopUpPulsaListTableViewController.m */,
			);
			name = "Top Up Pulsa";
			sourceTree = "<group>";
		};
		9B5DA5AE1CF6F4EC00EC3AF8 /* Top Up Listrik */ = {
			isa = PBXGroup;
			children = (
				9B6FD9071CAD467E0037BC81 /* TopupListrikTableViewController.h */,
				9B6FD9081CAD467E0037BC81 /* TopupListrikTableViewController.m */,
			);
			name = "Top Up Listrik";
			sourceTree = "<group>";
		};
		9B5DA5AF1CF6F50100EC3AF8 /* History */ = {
			isa = PBXGroup;
			children = (
				9B9FDCD81C5621D100DD7F24 /* PayHistoryTableViewCell.h */,
				9B9FDCD91C5621D100DD7F24 /* PayHistoryTableViewCell.m */,
				9B9FDCD41C56215B00DD7F24 /* PayHistoryTableViewController.h */,
				9B9FDCD51C56215B00DD7F24 /* PayHistoryTableViewController.m */,
			);
			name = History;
			sourceTree = "<group>";
		};
		9B5DA5B01CF6F51700EC3AF8 /* Base */ = {
			isa = PBXGroup;
			children = (
				9B5DA59D1CF6ED8700EC3AF8 /* BaseViewController.h */,
				9B5DA59E1CF6ED8700EC3AF8 /* BaseViewController.m */,
				9B5DA5A01CF6EEC100EC3AF8 /* BaseTableViewController.h */,
				9B5DA5A11CF6EEC100EC3AF8 /* BaseTableViewController.m */,
				9BEDB6941CF0596600ECDB1F /* TabBarViewController.h */,
				9BEDB6951CF0596600ECDB1F /* TabBarViewController.m */,
			);
			name = Base;
			sourceTree = "<group>";
		};
		9B9FDC8E1C55D1E800DD7F24 = {
			isa = PBXGroup;
			children = (
				9B9FDC991C55D1E800DD7F24 /* digipay */,
				9B9FDCB61C55D1E800DD7F24 /* digipayTests */,
				9B9FDCC11C55D1E800DD7F24 /* digipayUITests */,
				9B9FDC981C55D1E800DD7F24 /* Products */,
				BE855C234237EEA96B97BC59 /* Pods */,
				6F55214C4BB8694E455CE73E /* Frameworks */,
			);
			sourceTree = "<group>";
		};
		9B9FDC981C55D1E800DD7F24 /* Products */ = {
			isa = PBXGroup;
			children = (
				9B9FDC971C55D1E800DD7F24 /* digipay.app */,
				9B9FDCB31C55D1E800DD7F24 /* digipayTests.xctest */,
				9B9FDCBE1C55D1E800DD7F24 /* digipayUITests.xctest */,
			);
			name = Products;
			sourceTree = "<group>";
		};
		9B9FDC991C55D1E800DD7F24 /* digipay */ = {
			isa = PBXGroup;
			children = (
				9B5DA5B01CF6F51700EC3AF8 /* Base */,
				9B5DA5A31CF6F3D700EC3AF8 /* Features */,
				9B5572421C61CC9C00D4D938 /* Managers */,
				9B5572471C61D54500D4D938 /* Models */,
				9B9FDC9D1C55D1E800DD7F24 /* AppDelegate.h */,
				9B9FDC9E1C55D1E800DD7F24 /* AppDelegate.m */,
				9B9FDCA31C55D1E800DD7F24 /* Main.storyboard */,
				9B9FDCA91C55D1E800DD7F24 /* Assets.xcassets */,
				9B9FDCAB1C55D1E800DD7F24 /* LaunchScreen.storyboard */,
				9B9FDCAE1C55D1E800DD7F24 /* Info.plist */,
				9B9FDCA61C55D1E800DD7F24 /* digipay.xcdatamodeld */,
				9B9FDC9A1C55D1E800DD7F24 /* Supporting Files */,
			);
			path = digipay;
			sourceTree = "<group>";
		};
		9B9FDC9A1C55D1E800DD7F24 /* Supporting Files */ = {
			isa = PBXGroup;
			children = (
				9B9FDC9B1C55D1E800DD7F24 /* main.m */,
				9BF7A3BD1D55D4CA00105AB1 /* digipay-prefix.pch */,
			);
			name = "Supporting Files";
			sourceTree = "<group>";
		};
		9B9FDCB61C55D1E800DD7F24 /* digipayTests */ = {
			isa = PBXGroup;
			children = (
				9B9FDCB71C55D1E800DD7F24 /* digipayTests.m */,
				9B9FDCB91C55D1E800DD7F24 /* Info.plist */,
			);
			path = digipayTests;
			sourceTree = "<group>";
		};
		9B9FDCC11C55D1E800DD7F24 /* digipayUITests */ = {
			isa = PBXGroup;
			children = (
				9B9FDCC21C55D1E800DD7F24 /* digipayUITests.m */,
				9B9FDCC41C55D1E800DD7F24 /* Info.plist */,
			);
			path = digipayUITests;
			sourceTree = "<group>";
		};
		BE855C234237EEA96B97BC59 /* Pods */ = {
			isa = PBXGroup;
			children = (
				01B636AE150F2386A0E675D2 /* Pods-digipay.debug.xcconfig */,
				C399A59B13B6F3B14D56D2EA /* Pods-digipay.release.xcconfig */,
			);
			name = Pods;
			sourceTree = "<group>";
		};
/* End PBXGroup section */

/* Begin PBXNativeTarget section */
		9B9FDC961C55D1E800DD7F24 /* digipay */ = {
			isa = PBXNativeTarget;
			buildConfigurationList = 9B9FDCC71C55D1E800DD7F24 /* Build configuration list for PBXNativeTarget "digipay" */;
			buildPhases = (
				669C248E0749B1CB431E8865 /* [CP] Check Pods Manifest.lock */,
				9B9FDC931C55D1E800DD7F24 /* Sources */,
				9B9FDC941C55D1E800DD7F24 /* Frameworks */,
				9B9FDC951C55D1E800DD7F24 /* Resources */,
				9BDC2F311CEB35B400385A08 /* ShellScript */,
				87E28FC4479FE9D88F592B5E /* [CP] Embed Pods Frameworks */,
				EF0CE30314D91ECD7F252172 /* [CP] Copy Pods Resources */,
			);
			buildRules = (
			);
			dependencies = (
			);
			name = digipay;
			productName = digipay;
			productReference = 9B9FDC971C55D1E800DD7F24 /* digipay.app */;
			productType = "com.apple.product-type.application";
		};
		9B9FDCB21C55D1E800DD7F24 /* digipayTests */ = {
			isa = PBXNativeTarget;
			buildConfigurationList = 9B9FDCCA1C55D1E800DD7F24 /* Build configuration list for PBXNativeTarget "digipayTests" */;
			buildPhases = (
				9B9FDCAF1C55D1E800DD7F24 /* Sources */,
				9B9FDCB01C55D1E800DD7F24 /* Frameworks */,
				9B9FDCB11C55D1E800DD7F24 /* Resources */,
			);
			buildRules = (
			);
			dependencies = (
				9B9FDCB51C55D1E800DD7F24 /* PBXTargetDependency */,
			);
			name = digipayTests;
			productName = digipayTests;
			productReference = 9B9FDCB31C55D1E800DD7F24 /* digipayTests.xctest */;
			productType = "com.apple.product-type.bundle.unit-test";
		};
		9B9FDCBD1C55D1E800DD7F24 /* digipayUITests */ = {
			isa = PBXNativeTarget;
			buildConfigurationList = 9B9FDCCD1C55D1E800DD7F24 /* Build configuration list for PBXNativeTarget "digipayUITests" */;
			buildPhases = (
				9B9FDCBA1C55D1E800DD7F24 /* Sources */,
				9B9FDCBB1C55D1E800DD7F24 /* Frameworks */,
				9B9FDCBC1C55D1E800DD7F24 /* Resources */,
			);
			buildRules = (
			);
			dependencies = (
				9B9FDCC01C55D1E800DD7F24 /* PBXTargetDependency */,
			);
			name = digipayUITests;
			productName = digipayUITests;
			productReference = 9B9FDCBE1C55D1E800DD7F24 /* digipayUITests.xctest */;
			productType = "com.apple.product-type.bundle.ui-testing";
		};
/* End PBXNativeTarget section */

/* Begin PBXProject section */
		9B9FDC8F1C55D1E800DD7F24 /* Project object */ = {
			isa = PBXProject;
			attributes = {
				LastUpgradeCheck = 0720;
				ORGANIZATIONNAME = "Lutfi Azhar";
				TargetAttributes = {
					9B9FDC961C55D1E800DD7F24 = {
						CreatedOnToolsVersion = 7.2;
						DevelopmentTeam = FY2XL668XT;
					};
					9B9FDCB21C55D1E800DD7F24 = {
						CreatedOnToolsVersion = 7.2;
						TestTargetID = 9B9FDC961C55D1E800DD7F24;
					};
					9B9FDCBD1C55D1E800DD7F24 = {
						CreatedOnToolsVersion = 7.2;
						TestTargetID = 9B9FDC961C55D1E800DD7F24;
					};
				};
			};
			buildConfigurationList = 9B9FDC921C55D1E800DD7F24 /* Build configuration list for PBXProject "digipay" */;
			compatibilityVersion = "Xcode 3.2";
			developmentRegion = English;
			hasScannedForEncodings = 0;
			knownRegions = (
				en,
				Base,
			);
			mainGroup = 9B9FDC8E1C55D1E800DD7F24;
			productRefGroup = 9B9FDC981C55D1E800DD7F24 /* Products */;
			projectDirPath = "";
			projectRoot = "";
			targets = (
				9B9FDC961C55D1E800DD7F24 /* digipay */,
				9B9FDCB21C55D1E800DD7F24 /* digipayTests */,
				9B9FDCBD1C55D1E800DD7F24 /* digipayUITests */,
			);
		};
/* End PBXProject section */

/* Begin PBXResourcesBuildPhase section */
		9B9FDC951C55D1E800DD7F24 /* Resources */ = {
			isa = PBXResourcesBuildPhase;
			buildActionMask = 2147483647;
			files = (
				9B9FDCAD1C55D1E800DD7F24 /* LaunchScreen.storyboard in Resources */,
				9B9FDCAA1C55D1E800DD7F24 /* Assets.xcassets in Resources */,
				9B9FDCA51C55D1E800DD7F24 /* Main.storyboard in Resources */,
			);
			runOnlyForDeploymentPostprocessing = 0;
		};
		9B9FDCB11C55D1E800DD7F24 /* Resources */ = {
			isa = PBXResourcesBuildPhase;
			buildActionMask = 2147483647;
			files = (
			);
			runOnlyForDeploymentPostprocessing = 0;
		};
		9B9FDCBC1C55D1E800DD7F24 /* Resources */ = {
			isa = PBXResourcesBuildPhase;
			buildActionMask = 2147483647;
			files = (
			);
			runOnlyForDeploymentPostprocessing = 0;
		};
/* End PBXResourcesBuildPhase section */

/* Begin PBXShellScriptBuildPhase section */
		669C248E0749B1CB431E8865 /* [CP] Check Pods Manifest.lock */ = {
			isa = PBXShellScriptBuildPhase;
			buildActionMask = 2147483647;
			files = (
			);
			inputPaths = (
			);
			name = "[CP] Check Pods Manifest.lock";
			outputPaths = (
			);
			runOnlyForDeploymentPostprocessing = 0;
			shellPath = /bin/sh;
			shellScript = "diff \"${PODS_ROOT}/../Podfile.lock\" \"${PODS_ROOT}/Manifest.lock\" > /dev/null\nif [[ $? != 0 ]] ; then\n    cat << EOM\nerror: The sandbox is not in sync with the Podfile.lock. Run 'pod install' or update your CocoaPods installation.\nEOM\n    exit 1\nfi\n";
			showEnvVarsInLog = 0;
		};
		87E28FC4479FE9D88F592B5E /* [CP] Embed Pods Frameworks */ = {
			isa = PBXShellScriptBuildPhase;
			buildActionMask = 2147483647;
			files = (
			);
			inputPaths = (
			);
			name = "[CP] Embed Pods Frameworks";
			outputPaths = (
			);
			runOnlyForDeploymentPostprocessing = 0;
			shellPath = /bin/sh;
			shellScript = "\"${SRCROOT}/Pods/Target Support Files/Pods-digipay/Pods-digipay-frameworks.sh\"\n";
			showEnvVarsInLog = 0;
		};
		9BDC2F311CEB35B400385A08 /* ShellScript */ = {
			isa = PBXShellScriptBuildPhase;
			buildActionMask = 2147483647;
			files = (
			);
			inputPaths = (
			);
			outputPaths = (
			);
			runOnlyForDeploymentPostprocessing = 0;
			shellPath = /bin/sh;
			shellScript = "\"${PODS_ROOT}/Fabric/run\" ce61721ac9a7626f5aa478d3eca82839f86a0e9a 55a236024163ddcc60bd473b9dd20dd5af1802e4f1831df855f6d270906b1ff0";
		};
		EF0CE30314D91ECD7F252172 /* [CP] Copy Pods Resources */ = {
			isa = PBXShellScriptBuildPhase;
			buildActionMask = 2147483647;
			files = (
			);
			inputPaths = (
			);
			name = "[CP] Copy Pods Resources";
			outputPaths = (
			);
			runOnlyForDeploymentPostprocessing = 0;
			shellPath = /bin/sh;
			shellScript = "\"${SRCROOT}/Pods/Target Support Files/Pods-digipay/Pods-digipay-resources.sh\"\n";
			showEnvVarsInLog = 0;
		};
/* End PBXShellScriptBuildPhase section */

/* Begin PBXSourcesBuildPhase section */
		9B9FDC931C55D1E800DD7F24 /* Sources */ = {
			isa = PBXSourcesBuildPhase;
			buildActionMask = 2147483647;
			files = (
				9B24FC3A1C59F7160095917D /* EditProfileTableViewController.m in Sources */,
				9B4781A71D57724C00FE7397 /* FlightSearchResult.m in Sources */,
				9BF7A3BC1D55CF9900105AB1 /* TiketPesawatTableViewController.m in Sources */,
				9B6FD90C1CAD4BDF0037BC81 /* PayViewController.m in Sources */,
				9BE6B6A21C5B0CC000D783B9 /* TopUpPulsaTableViewController.m in Sources */,
				9B4781AE1D5777BD00FE7397 /* DepartTableViewCell.m in Sources */,
				9B1789A61CBD339600E48844 /* TopupWalletFieldTableViewCell.m in Sources */,
				9BEDB6961CF0596600ECDB1F /* TabBarViewController.m in Sources */,
				9B1878E21D58D47F00948FAE /* NextTableViewCell.m in Sources */,
				9B2639991CAE866A008C59D0 /* CallUsViewController.m in Sources */,
				9B88C0EB1C720F1F00216A22 /* DataManager.m in Sources */,
				9B1878DF1D58D47500948FAE /* DataPemesanContentTableViewCell.m in Sources */,
				9B9FDCD61C56215B00DD7F24 /* PayHistoryTableViewController.m in Sources */,
				9BF7A3C31D55E73500105AB1 /* Airport.m in Sources */,
				9B4781AA1D57751200FE7397 /* TiketSearchResultViewController.m in Sources */,
				9BF7A3C01D55D8B400105AB1 /* Airline.m in Sources */,
				9B5DA5A21CF6EEC100EC3AF8 /* BaseTableViewController.m in Sources */,
				9BB1B6501C577E78007587E0 /* TopUpViewController.m in Sources */,
				9B0C5EAF1D598A2400F848BF /* PesanHotelViewController.m in Sources */,
				9B4781A41D576CF400FE7397 /* FlightSearchInfo.m in Sources */,
				9B47819E1D57683600FE7397 /* FlightConnection.m in Sources */,
				9B4781A11D576AA200FE7397 /* FlightSchedule.m in Sources */,
				9BA6E89C1D5AD70C00CF42FA /* HotelDetailTableViewController.m in Sources */,
				9B9FDC9F1C55D1E800DD7F24 /* AppDelegate.m in Sources */,
				9B0C5EB91D59B73700F848BF /* HotelTableViewCell.m in Sources */,
				9B0C5EB61D59B72700F848BF /* HotelListViewController.m in Sources */,
				9BA6E8961D5AD6E600CF42FA /* HotelDescHeaderTableViewCell.m in Sources */,
				9BB1B6531C577F9F007587E0 /* MenuTableViewController.m in Sources */,
				9B5DA59F1CF6ED8700EC3AF8 /* BaseViewController.m in Sources */,
				9B9FDC9C1C55D1E800DD7F24 /* main.m in Sources */,
				9B4781B11D5777C600FE7397 /* ReturnTableViewCell.m in Sources */,
				9B6FD9091CAD467E0037BC81 /* TopupListrikTableViewController.m in Sources */,
				9B55724A1C61D55B00D4D938 /* User.m in Sources */,
				9B6FD90F1CAD60130037BC81 /* MyWalletViewController.m in Sources */,
				9B47819B1D5767C300FE7397 /* FlightClass.m in Sources */,
				9BB1B64D1C575882007587E0 /* RegisterTableViewController.m in Sources */,
				9B1878D91D58D44E00948FAE /* DataPemesanTableViewController.m in Sources */,
				9B2639951CAE5EE9008C59D0 /* ChangePasswordAndPinTableViewController.m in Sources */,
				9B9FDCDA1C5621D100DD7F24 /* PayHistoryTableViewCell.m in Sources */,
				9BA6E8931D5AD6DB00CF42FA /* HotelImageHeaderTableViewCell.m in Sources */,
				9BA6E8991D5AD6FC00CF42FA /* HotelRoomListTableViewCell.m in Sources */,
				9B1878DC1D58D46600948FAE /* DataPemesanHeaderTableViewCell.m in Sources */,
				9B5572461C61CF2600D4D938 /* APIManager.m in Sources */,
				9B9FDCA81C55D1E800DD7F24 /* digipay.xcdatamodeld in Sources */,
				9BD4283C1C899B3D007C1AE5 /* TopUpPulsaListTableViewController.m in Sources */,
				9B9FDCD31C55D43700DD7F24 /* LoginViewController.m in Sources */,
				9BDC2F301CEB177200385A08 /* PaymentHistory.m in Sources */,
			);
			runOnlyForDeploymentPostprocessing = 0;
		};
		9B9FDCAF1C55D1E800DD7F24 /* Sources */ = {
			isa = PBXSourcesBuildPhase;
			buildActionMask = 2147483647;
			files = (
				9B9FDCB81C55D1E800DD7F24 /* digipayTests.m in Sources */,
			);
			runOnlyForDeploymentPostprocessing = 0;
		};
		9B9FDCBA1C55D1E800DD7F24 /* Sources */ = {
			isa = PBXSourcesBuildPhase;
			buildActionMask = 2147483647;
			files = (
				9B9FDCC31C55D1E800DD7F24 /* digipayUITests.m in Sources */,
			);
			runOnlyForDeploymentPostprocessing = 0;
		};
/* End PBXSourcesBuildPhase section */

/* Begin PBXTargetDependency section */
		9B9FDCB51C55D1E800DD7F24 /* PBXTargetDependency */ = {
			isa = PBXTargetDependency;
			target = 9B9FDC961C55D1E800DD7F24 /* digipay */;
			targetProxy = 9B9FDCB41C55D1E800DD7F24 /* PBXContainerItemProxy */;
		};
		9B9FDCC01C55D1E800DD7F24 /* PBXTargetDependency */ = {
			isa = PBXTargetDependency;
			target = 9B9FDC961C55D1E800DD7F24 /* digipay */;
			targetProxy = 9B9FDCBF1C55D1E800DD7F24 /* PBXContainerItemProxy */;
		};
/* End PBXTargetDependency section */

/* Begin PBXVariantGroup section */
		9B9FDCA31C55D1E800DD7F24 /* Main.storyboard */ = {
			isa = PBXVariantGroup;
			children = (
				9B9FDCA41C55D1E800DD7F24 /* Base */,
			);
			name = Main.storyboard;
			sourceTree = "<group>";
		};
		9B9FDCAB1C55D1E800DD7F24 /* LaunchScreen.storyboard */ = {
			isa = PBXVariantGroup;
			children = (
				9B9FDCAC1C55D1E800DD7F24 /* Base */,
			);
			name = LaunchScreen.storyboard;
			sourceTree = "<group>";
		};
/* End PBXVariantGroup section */

/* Begin XCBuildConfiguration section */
		9B9FDCC51C55D1E800DD7F24 /* Debug */ = {
			isa = XCBuildConfiguration;
			buildSettings = {
				ALWAYS_SEARCH_USER_PATHS = NO;
				CLANG_CXX_LANGUAGE_STANDARD = "gnu++0x";
				CLANG_CXX_LIBRARY = "libc++";
				CLANG_ENABLE_MODULES = YES;
				CLANG_ENABLE_OBJC_ARC = YES;
				CLANG_WARN_BOOL_CONVERSION = YES;
				CLANG_WARN_CONSTANT_CONVERSION = YES;
				CLANG_WARN_DIRECT_OBJC_ISA_USAGE = YES_ERROR;
				CLANG_WARN_EMPTY_BODY = YES;
				CLANG_WARN_ENUM_CONVERSION = YES;
				CLANG_WARN_INT_CONVERSION = YES;
				CLANG_WARN_OBJC_ROOT_CLASS = YES_ERROR;
				CLANG_WARN_UNREACHABLE_CODE = YES;
				CLANG_WARN__DUPLICATE_METHOD_MATCH = YES;
				"CODE_SIGN_IDENTITY[sdk=iphoneos*]" = "iPhone Developer";
				COPY_PHASE_STRIP = NO;
				DEBUG_INFORMATION_FORMAT = dwarf;
				ENABLE_STRICT_OBJC_MSGSEND = YES;
				ENABLE_TESTABILITY = YES;
				GCC_C_LANGUAGE_STANDARD = gnu99;
				GCC_DYNAMIC_NO_PIC = NO;
				GCC_NO_COMMON_BLOCKS = YES;
				GCC_OPTIMIZATION_LEVEL = 0;
				GCC_PREPROCESSOR_DEFINITIONS = (
					"DEBUG=1",
					"$(inherited)",
				);
				GCC_WARN_64_TO_32_BIT_CONVERSION = YES;
				GCC_WARN_ABOUT_RETURN_TYPE = YES_ERROR;
				GCC_WARN_UNDECLARED_SELECTOR = YES;
				GCC_WARN_UNINITIALIZED_AUTOS = YES_AGGRESSIVE;
				GCC_WARN_UNUSED_FUNCTION = YES;
				GCC_WARN_UNUSED_VARIABLE = YES;
				IPHONEOS_DEPLOYMENT_TARGET = 9.2;
				MTL_ENABLE_DEBUG_INFO = YES;
				ONLY_ACTIVE_ARCH = YES;
				SDKROOT = iphoneos;
				TARGETED_DEVICE_FAMILY = "1,2";
			};
			name = Debug;
		};
		9B9FDCC61C55D1E800DD7F24 /* Release */ = {
			isa = XCBuildConfiguration;
			buildSettings = {
				ALWAYS_SEARCH_USER_PATHS = NO;
				CLANG_CXX_LANGUAGE_STANDARD = "gnu++0x";
				CLANG_CXX_LIBRARY = "libc++";
				CLANG_ENABLE_MODULES = YES;
				CLANG_ENABLE_OBJC_ARC = YES;
				CLANG_WARN_BOOL_CONVERSION = YES;
				CLANG_WARN_CONSTANT_CONVERSION = YES;
				CLANG_WARN_DIRECT_OBJC_ISA_USAGE = YES_ERROR;
				CLANG_WARN_EMPTY_BODY = YES;
				CLANG_WARN_ENUM_CONVERSION = YES;
				CLANG_WARN_INT_CONVERSION = YES;
				CLANG_WARN_OBJC_ROOT_CLASS = YES_ERROR;
				CLANG_WARN_UNREACHABLE_CODE = YES;
				CLANG_WARN__DUPLICATE_METHOD_MATCH = YES;
				"CODE_SIGN_IDENTITY[sdk=iphoneos*]" = "iPhone Developer";
				COPY_PHASE_STRIP = NO;
				DEBUG_INFORMATION_FORMAT = "dwarf-with-dsym";
				ENABLE_NS_ASSERTIONS = NO;
				ENABLE_STRICT_OBJC_MSGSEND = YES;
				GCC_C_LANGUAGE_STANDARD = gnu99;
				GCC_NO_COMMON_BLOCKS = YES;
				GCC_WARN_64_TO_32_BIT_CONVERSION = YES;
				GCC_WARN_ABOUT_RETURN_TYPE = YES_ERROR;
				GCC_WARN_UNDECLARED_SELECTOR = YES;
				GCC_WARN_UNINITIALIZED_AUTOS = YES_AGGRESSIVE;
				GCC_WARN_UNUSED_FUNCTION = YES;
				GCC_WARN_UNUSED_VARIABLE = YES;
				IPHONEOS_DEPLOYMENT_TARGET = 9.2;
				MTL_ENABLE_DEBUG_INFO = NO;
				SDKROOT = iphoneos;
				TARGETED_DEVICE_FAMILY = "1,2";
				VALIDATE_PRODUCT = YES;
			};
			name = Release;
		};
		9B9FDCC81C55D1E800DD7F24 /* Debug */ = {
			isa = XCBuildConfiguration;
			baseConfigurationReference = 01B636AE150F2386A0E675D2 /* Pods-digipay.debug.xcconfig */;
			buildSettings = {
				ASSETCATALOG_COMPILER_APPICON_NAME = AppIcon;
				CODE_SIGN_IDENTITY = "iPhone Developer: dian hariani (A979M863UV)";
				GCC_PREFIX_HEADER = "digipay/digipay-prefix.pch";
				INFOPLIST_FILE = digipay/Info.plist;
				IPHONEOS_DEPLOYMENT_TARGET = 8.0;
				LD_RUNPATH_SEARCH_PATHS = "$(inherited) @executable_path/Frameworks";
				PRODUCT_BUNDLE_IDENTIFIER = com.walletku.walletku;
				PRODUCT_NAME = "$(TARGET_NAME)";
				PROVISIONING_PROFILE = "c7289478-7ba4-424a-8749-75b41475f113";
			};
			name = Debug;
		};
		9B9FDCC91C55D1E800DD7F24 /* Release */ = {
			isa = XCBuildConfiguration;
			baseConfigurationReference = C399A59B13B6F3B14D56D2EA /* Pods-digipay.release.xcconfig */;
			buildSettings = {
				ASSETCATALOG_COMPILER_APPICON_NAME = AppIcon;
				CODE_SIGN_IDENTITY = "iPhone Developer: dian hariani (A979M863UV)";
				GCC_PREFIX_HEADER = "digipay/digipay-prefix.pch";
				INFOPLIST_FILE = digipay/Info.plist;
				IPHONEOS_DEPLOYMENT_TARGET = 8.0;
				LD_RUNPATH_SEARCH_PATHS = "$(inherited) @executable_path/Frameworks";
				PRODUCT_BUNDLE_IDENTIFIER = com.walletku.walletku;
				PRODUCT_NAME = "$(TARGET_NAME)";
				PROVISIONING_PROFILE = "c7289478-7ba4-424a-8749-75b41475f113";
			};
			name = Release;
		};
		9B9FDCCB1C55D1E800DD7F24 /* Debug */ = {
			isa = XCBuildConfiguration;
			buildSettings = {
				BUNDLE_LOADER = "$(TEST_HOST)";
				INFOPLIST_FILE = digipayTests/Info.plist;
				LD_RUNPATH_SEARCH_PATHS = "$(inherited) @executable_path/Frameworks @loader_path/Frameworks";
				PRODUCT_BUNDLE_IDENTIFIER = com.testing.digipayTests;
				PRODUCT_NAME = "$(TARGET_NAME)";
				TEST_HOST = "$(BUILT_PRODUCTS_DIR)/digipay.app/digipay";
			};
			name = Debug;
		};
		9B9FDCCC1C55D1E800DD7F24 /* Release */ = {
			isa = XCBuildConfiguration;
			buildSettings = {
				BUNDLE_LOADER = "$(TEST_HOST)";
				INFOPLIST_FILE = digipayTests/Info.plist;
				LD_RUNPATH_SEARCH_PATHS = "$(inherited) @executable_path/Frameworks @loader_path/Frameworks";
				PRODUCT_BUNDLE_IDENTIFIER = com.testing.digipayTests;
				PRODUCT_NAME = "$(TARGET_NAME)";
				TEST_HOST = "$(BUILT_PRODUCTS_DIR)/digipay.app/digipay";
			};
			name = Release;
		};
		9B9FDCCE1C55D1E800DD7F24 /* Debug */ = {
			isa = XCBuildConfiguration;
			buildSettings = {
				INFOPLIST_FILE = digipayUITests/Info.plist;
				LD_RUNPATH_SEARCH_PATHS = "$(inherited) @executable_path/Frameworks @loader_path/Frameworks";
				PRODUCT_BUNDLE_IDENTIFIER = com.testing.digipayUITests;
				PRODUCT_NAME = "$(TARGET_NAME)";
				TEST_TARGET_NAME = digipay;
				USES_XCTRUNNER = YES;
			};
			name = Debug;
		};
		9B9FDCCF1C55D1E800DD7F24 /* Release */ = {
			isa = XCBuildConfiguration;
			buildSettings = {
				INFOPLIST_FILE = digipayUITests/Info.plist;
				LD_RUNPATH_SEARCH_PATHS = "$(inherited) @executable_path/Frameworks @loader_path/Frameworks";
				PRODUCT_BUNDLE_IDENTIFIER = com.testing.digipayUITests;
				PRODUCT_NAME = "$(TARGET_NAME)";
				TEST_TARGET_NAME = digipay;
				USES_XCTRUNNER = YES;
			};
			name = Release;
		};
/* End XCBuildConfiguration section */

/* Begin XCConfigurationList section */
		9B9FDC921C55D1E800DD7F24 /* Build configuration list for PBXProject "digipay" */ = {
			isa = XCConfigurationList;
			buildConfigurations = (
				9B9FDCC51C55D1E800DD7F24 /* Debug */,
				9B9FDCC61C55D1E800DD7F24 /* Release */,
			);
			defaultConfigurationIsVisible = 0;
			defaultConfigurationName = Release;
		};
		9B9FDCC71C55D1E800DD7F24 /* Build configuration list for PBXNativeTarget "digipay" */ = {
			isa = XCConfigurationList;
			buildConfigurations = (
				9B9FDCC81C55D1E800DD7F24 /* Debug */,
				9B9FDCC91C55D1E800DD7F24 /* Release */,
			);
			defaultConfigurationIsVisible = 0;
			defaultConfigurationName = Release;
		};
		9B9FDCCA1C55D1E800DD7F24 /* Build configuration list for PBXNativeTarget "digipayTests" */ = {
			isa = XCConfigurationList;
			buildConfigurations = (
				9B9FDCCB1C55D1E800DD7F24 /* Debug */,
				9B9FDCCC1C55D1E800DD7F24 /* Release */,
			);
			defaultConfigurationIsVisible = 0;
			defaultConfigurationName = Release;
		};
		9B9FDCCD1C55D1E800DD7F24 /* Build configuration list for PBXNativeTarget "digipayUITests" */ = {
			isa = XCConfigurationList;
			buildConfigurations = (
				9B9FDCCE1C55D1E800DD7F24 /* Debug */,
				9B9FDCCF1C55D1E800DD7F24 /* Release */,
			);
			defaultConfigurationIsVisible = 0;
			defaultConfigurationName = Release;
		};
/* End XCConfigurationList section */

/* Begin XCVersionGroup section */
		9B9FDCA61C55D1E800DD7F24 /* digipay.xcdatamodeld */ = {
			isa = XCVersionGroup;
			children = (
				9B9FDCA71C55D1E800DD7F24 /* digipay.xcdatamodel */,
			);
			currentVersion = 9B9FDCA71C55D1E800DD7F24 /* digipay.xcdatamodel */;
			path = digipay.xcdatamodeld;
			sourceTree = "<group>";
			versionGroupType = wrapper.xcdatamodel;
		};
/* End XCVersionGroup section */
	};
	rootObject = 9B9FDC8F1C55D1E800DD7F24 /* Project object */;
}
