// !$*UTF8*$!
{
	archiveVersion = 1;
	classes = {
	};
	objectVersion = 46;
	objects = {

/* Begin PBXBuildFile section */
		5D354B39EB569F07D5ACA3B3 /* libPods.a in Frameworks */ = {isa = PBXBuildFile; fileRef = 79D47D1B81F15147EB132C5E /* libPods.a */; };
		9B1789A61CBD339600E48844 /* TopupWalletFieldTableViewCell.m in Sources */ = {isa = PBXBuildFile; fileRef = 9B1789A51CBD339600E48844 /* TopupWalletFieldTableViewCell.m */; };
		9B24FC3A1C59F7160095917D /* EditProfileTableViewController.m in Sources */ = {isa = PBXBuildFile; fileRef = 9B24FC391C59F7160095917D /* EditProfileTableViewController.m */; };
		9B2639951CAE5EE9008C59D0 /* ChangePasswordAndPinTableViewController.m in Sources */ = {isa = PBXBuildFile; fileRef = 9B2639941CAE5EE9008C59D0 /* ChangePasswordAndPinTableViewController.m */; };
		9B2639991CAE866A008C59D0 /* CallUsViewController.m in Sources */ = {isa = PBXBuildFile; fileRef = 9B2639981CAE866A008C59D0 /* CallUsViewController.m */; };
		9B5572461C61CF2600D4D938 /* APIClient.m in Sources */ = {isa = PBXBuildFile; fileRef = 9B5572451C61CF2600D4D938 /* APIClient.m */; };
		9B55724A1C61D55B00D4D938 /* User.m in Sources */ = {isa = PBXBuildFile; fileRef = 9B5572491C61D55B00D4D938 /* User.m */; };
		9B6FD9091CAD467E0037BC81 /* TopupListrikTableViewController.m in Sources */ = {isa = PBXBuildFile; fileRef = 9B6FD9081CAD467E0037BC81 /* TopupListrikTableViewController.m */; };
		9B6FD90C1CAD4BDF0037BC81 /* PayViewController.m in Sources */ = {isa = PBXBuildFile; fileRef = 9B6FD90B1CAD4BDF0037BC81 /* PayViewController.m */; };
		9B6FD90F1CAD60130037BC81 /* MyWalletViewController.m in Sources */ = {isa = PBXBuildFile; fileRef = 9B6FD90E1CAD60130037BC81 /* MyWalletViewController.m */; };
		9B88C0EB1C720F1F00216A22 /* Utils.m in Sources */ = {isa = PBXBuildFile; fileRef = 9B88C0EA1C720F1F00216A22 /* Utils.m */; };
		9B9FDC9C1C55D1E800DD7F24 /* main.m in Sources */ = {isa = PBXBuildFile; fileRef = 9B9FDC9B1C55D1E800DD7F24 /* main.m */; };
		9B9FDC9F1C55D1E800DD7F24 /* AppDelegate.m in Sources */ = {isa = PBXBuildFile; fileRef = 9B9FDC9E1C55D1E800DD7F24 /* AppDelegate.m */; };
		9B9FDCA51C55D1E800DD7F24 /* Main.storyboard in Resources */ = {isa = PBXBuildFile; fileRef = 9B9FDCA31C55D1E800DD7F24 /* Main.storyboard */; };
		9B9FDCA81C55D1E800DD7F24 /* digipay.xcdatamodeld in Sources */ = {isa = PBXBuildFile; fileRef = 9B9FDCA61C55D1E800DD7F24 /* digipay.xcdatamodeld */; };
		9B9FDCAA1C55D1E800DD7F24 /* Assets.xcassets in Resources */ = {isa = PBXBuildFile; fileRef = 9B9FDCA91C55D1E800DD7F24 /* Assets.xcassets */; };
		9B9FDCAD1C55D1E800DD7F24 /* LaunchScreen.storyboard in Resources */ = {isa = PBXBuildFile; fileRef = 9B9FDCAB1C55D1E800DD7F24 /* LaunchScreen.storyboard */; };
		9B9FDCB81C55D1E800DD7F24 /* digipayTests.m in Sources */ = {isa = PBXBuildFile; fileRef = 9B9FDCB71C55D1E800DD7F24 /* digipayTests.m */; };
		9B9FDCC31C55D1E800DD7F24 /* digipayUITests.m in Sources */ = {isa = PBXBuildFile; fileRef = 9B9FDCC21C55D1E800DD7F24 /* digipayUITests.m */; };
		9B9FDCD31C55D43700DD7F24 /* LoginViewController.m in Sources */ = {isa = PBXBuildFile; fileRef = 9B9FDCD21C55D43700DD7F24 /* LoginViewController.m */; };
		9B9FDCD61C56215B00DD7F24 /* PayHistoryTableViewController.m in Sources */ = {isa = PBXBuildFile; fileRef = 9B9FDCD51C56215B00DD7F24 /* PayHistoryTableViewController.m */; };
		9B9FDCDA1C5621D100DD7F24 /* PayHistoryTableViewCell.m in Sources */ = {isa = PBXBuildFile; fileRef = 9B9FDCD91C5621D100DD7F24 /* PayHistoryTableViewCell.m */; };
		9BB1B64D1C575882007587E0 /* RegisterTableViewController.m in Sources */ = {isa = PBXBuildFile; fileRef = 9BB1B64C1C575882007587E0 /* RegisterTableViewController.m */; };
		9BB1B6501C577E78007587E0 /* TopUpViewController.m in Sources */ = {isa = PBXBuildFile; fileRef = 9BB1B64F1C577E78007587E0 /* TopUpViewController.m */; };
		9BB1B6531C577F9F007587E0 /* MenuTableViewController.m in Sources */ = {isa = PBXBuildFile; fileRef = 9BB1B6521C577F9F007587E0 /* MenuTableViewController.m */; };
		9BD4283C1C899B3D007C1AE5 /* TopUpPulsaListTableViewController.m in Sources */ = {isa = PBXBuildFile; fileRef = 9BD4283B1C899B3D007C1AE5 /* TopUpPulsaListTableViewController.m */; };
		9BDC2F301CEB177200385A08 /* PaymentHistory.m in Sources */ = {isa = PBXBuildFile; fileRef = 9BDC2F2F1CEB177200385A08 /* PaymentHistory.m */; };
		9BE6B6A21C5B0CC000D783B9 /* TopUpPulsaTableViewController.m in Sources */ = {isa = PBXBuildFile; fileRef = 9BE6B6A11C5B0CC000D783B9 /* TopUpPulsaTableViewController.m */; };
/* End PBXBuildFile section */

/* Begin PBXContainerItemProxy section */
		9B9FDCB41C55D1E800DD7F24 /* PBXContainerItemProxy */ = {
			isa = PBXContainerItemProxy;
			containerPortal = 9B9FDC8F1C55D1E800DD7F24 /* Project object */;
			proxyType = 1;
			remoteGlobalIDString = 9B9FDC961C55D1E800DD7F24;
			remoteInfo = digipay;
		};
		9B9FDCBF1C55D1E800DD7F24 /* PBXContainerItemProxy */ = {
			isa = PBXContainerItemProxy;
			containerPortal = 9B9FDC8F1C55D1E800DD7F24 /* Project object */;
			proxyType = 1;
			remoteGlobalIDString = 9B9FDC961C55D1E800DD7F24;
			remoteInfo = digipay;
		};
/* End PBXContainerItemProxy section */

/* Begin PBXFileReference section */
		57E7D9D2EFF8C19502DB37AD /* Pods.release.xcconfig */ = {isa = PBXFileReference; includeInIndex = 1; lastKnownFileType = text.xcconfig; name = Pods.release.xcconfig; path = "Pods/Target Support Files/Pods/Pods.release.xcconfig"; sourceTree = "<group>"; };
		79D47D1B81F15147EB132C5E /* libPods.a */ = {isa = PBXFileReference; explicitFileType = archive.ar; includeInIndex = 0; path = libPods.a; sourceTree = BUILT_PRODUCTS_DIR; };
		9B1789A41CBD339600E48844 /* TopupWalletFieldTableViewCell.h */ = {isa = PBXFileReference; fileEncoding = 4; lastKnownFileType = sourcecode.c.h; path = TopupWalletFieldTableViewCell.h; sourceTree = "<group>"; };
		9B1789A51CBD339600E48844 /* TopupWalletFieldTableViewCell.m */ = {isa = PBXFileReference; fileEncoding = 4; lastKnownFileType = sourcecode.c.objc; path = TopupWalletFieldTableViewCell.m; sourceTree = "<group>"; };
		9B24FC381C59F7160095917D /* EditProfileTableViewController.h */ = {isa = PBXFileReference; fileEncoding = 4; lastKnownFileType = sourcecode.c.h; path = EditProfileTableViewController.h; sourceTree = "<group>"; };
		9B24FC391C59F7160095917D /* EditProfileTableViewController.m */ = {isa = PBXFileReference; fileEncoding = 4; lastKnownFileType = sourcecode.c.objc; path = EditProfileTableViewController.m; sourceTree = "<group>"; };
		9B2639931CAE5EE9008C59D0 /* ChangePasswordAndPinTableViewController.h */ = {isa = PBXFileReference; fileEncoding = 4; lastKnownFileType = sourcecode.c.h; path = ChangePasswordAndPinTableViewController.h; sourceTree = "<group>"; };
		9B2639941CAE5EE9008C59D0 /* ChangePasswordAndPinTableViewController.m */ = {isa = PBXFileReference; fileEncoding = 4; lastKnownFileType = sourcecode.c.objc; path = ChangePasswordAndPinTableViewController.m; sourceTree = "<group>"; };
		9B2639971CAE866A008C59D0 /* CallUsViewController.h */ = {isa = PBXFileReference; fileEncoding = 4; lastKnownFileType = sourcecode.c.h; path = CallUsViewController.h; sourceTree = "<group>"; };
		9B2639981CAE866A008C59D0 /* CallUsViewController.m */ = {isa = PBXFileReference; fileEncoding = 4; lastKnownFileType = sourcecode.c.objc; path = CallUsViewController.m; sourceTree = "<group>"; };
		9B5572431C61CCBF00D4D938 /* Constants.h */ = {isa = PBXFileReference; lastKnownFileType = sourcecode.c.h; path = Constants.h; sourceTree = "<group>"; };
		9B5572441C61CF2600D4D938 /* APIClient.h */ = {isa = PBXFileReference; fileEncoding = 4; lastKnownFileType = sourcecode.c.h; path = APIClient.h; sourceTree = "<group>"; };
		9B5572451C61CF2600D4D938 /* APIClient.m */ = {isa = PBXFileReference; fileEncoding = 4; lastKnownFileType = sourcecode.c.objc; path = APIClient.m; sourceTree = "<group>"; };
		9B5572481C61D55B00D4D938 /* User.h */ = {isa = PBXFileReference; fileEncoding = 4; lastKnownFileType = sourcecode.c.h; path = User.h; sourceTree = "<group>"; };
		9B5572491C61D55B00D4D938 /* User.m */ = {isa = PBXFileReference; fileEncoding = 4; lastKnownFileType = sourcecode.c.objc; path = User.m; sourceTree = "<group>"; };
		9B6FD9071CAD467E0037BC81 /* TopupListrikTableViewController.h */ = {isa = PBXFileReference; fileEncoding = 4; lastKnownFileType = sourcecode.c.h; path = TopupListrikTableViewController.h; sourceTree = "<group>"; };
		9B6FD9081CAD467E0037BC81 /* TopupListrikTableViewController.m */ = {isa = PBXFileReference; fileEncoding = 4; lastKnownFileType = sourcecode.c.objc; path = TopupListrikTableViewController.m; sourceTree = "<group>"; };
		9B6FD90A1CAD4BDF0037BC81 /* PayViewController.h */ = {isa = PBXFileReference; fileEncoding = 4; lastKnownFileType = sourcecode.c.h; path = PayViewController.h; sourceTree = "<group>"; };
		9B6FD90B1CAD4BDF0037BC81 /* PayViewController.m */ = {isa = PBXFileReference; fileEncoding = 4; lastKnownFileType = sourcecode.c.objc; path = PayViewController.m; sourceTree = "<group>"; };
		9B6FD90D1CAD60130037BC81 /* MyWalletViewController.h */ = {isa = PBXFileReference; fileEncoding = 4; lastKnownFileType = sourcecode.c.h; path = MyWalletViewController.h; sourceTree = "<group>"; };
		9B6FD90E1CAD60130037BC81 /* MyWalletViewController.m */ = {isa = PBXFileReference; fileEncoding = 4; lastKnownFileType = sourcecode.c.objc; path = MyWalletViewController.m; sourceTree = "<group>"; };
		9B88C0E91C720F1F00216A22 /* Utils.h */ = {isa = PBXFileReference; fileEncoding = 4; lastKnownFileType = sourcecode.c.h; path = Utils.h; sourceTree = "<group>"; };
		9B88C0EA1C720F1F00216A22 /* Utils.m */ = {isa = PBXFileReference; fileEncoding = 4; lastKnownFileType = sourcecode.c.objc; path = Utils.m; sourceTree = "<group>"; };
		9B9FDC971C55D1E800DD7F24 /* digipay.app */ = {isa = PBXFileReference; explicitFileType = wrapper.application; includeInIndex = 0; path = digipay.app; sourceTree = BUILT_PRODUCTS_DIR; };
		9B9FDC9B1C55D1E800DD7F24 /* main.m */ = {isa = PBXFileReference; lastKnownFileType = sourcecode.c.objc; path = main.m; sourceTree = "<group>"; };
		9B9FDC9D1C55D1E800DD7F24 /* AppDelegate.h */ = {isa = PBXFileReference; lastKnownFileType = sourcecode.c.h; path = AppDelegate.h; sourceTree = "<group>"; };
		9B9FDC9E1C55D1E800DD7F24 /* AppDelegate.m */ = {isa = PBXFileReference; lastKnownFileType = sourcecode.c.objc; path = AppDelegate.m; sourceTree = "<group>"; };
		9B9FDCA41C55D1E800DD7F24 /* Base */ = {isa = PBXFileReference; lastKnownFileType = file.storyboard; name = Base; path = Base.lproj/Main.storyboard; sourceTree = "<group>"; };
		9B9FDCA71C55D1E800DD7F24 /* digipay.xcdatamodel */ = {isa = PBXFileReference; lastKnownFileType = wrapper.xcdatamodel; path = digipay.xcdatamodel; sourceTree = "<group>"; };
		9B9FDCA91C55D1E800DD7F24 /* Assets.xcassets */ = {isa = PBXFileReference; lastKnownFileType = folder.assetcatalog; path = Assets.xcassets; sourceTree = "<group>"; };
		9B9FDCAC1C55D1E800DD7F24 /* Base */ = {isa = PBXFileReference; lastKnownFileType = file.storyboard; name = Base; path = Base.lproj/LaunchScreen.storyboard; sourceTree = "<group>"; };
		9B9FDCAE1C55D1E800DD7F24 /* Info.plist */ = {isa = PBXFileReference; lastKnownFileType = text.plist.xml; path = Info.plist; sourceTree = "<group>"; };
		9B9FDCB31C55D1E800DD7F24 /* digipayTests.xctest */ = {isa = PBXFileReference; explicitFileType = wrapper.cfbundle; includeInIndex = 0; path = digipayTests.xctest; sourceTree = BUILT_PRODUCTS_DIR; };
		9B9FDCB71C55D1E800DD7F24 /* digipayTests.m */ = {isa = PBXFileReference; lastKnownFileType = sourcecode.c.objc; path = digipayTests.m; sourceTree = "<group>"; };
		9B9FDCB91C55D1E800DD7F24 /* Info.plist */ = {isa = PBXFileReference; lastKnownFileType = text.plist.xml; path = Info.plist; sourceTree = "<group>"; };
		9B9FDCBE1C55D1E800DD7F24 /* digipayUITests.xctest */ = {isa = PBXFileReference; explicitFileType = wrapper.cfbundle; includeInIndex = 0; path = digipayUITests.xctest; sourceTree = BUILT_PRODUCTS_DIR; };
		9B9FDCC21C55D1E800DD7F24 /* digipayUITests.m */ = {isa = PBXFileReference; lastKnownFileType = sourcecode.c.objc; path = digipayUITests.m; sourceTree = "<group>"; };
		9B9FDCC41C55D1E800DD7F24 /* Info.plist */ = {isa = PBXFileReference; lastKnownFileType = text.plist.xml; path = Info.plist; sourceTree = "<group>"; };
		9B9FDCD11C55D43700DD7F24 /* LoginViewController.h */ = {isa = PBXFileReference; fileEncoding = 4; lastKnownFileType = sourcecode.c.h; path = LoginViewController.h; sourceTree = "<group>"; };
		9B9FDCD21C55D43700DD7F24 /* LoginViewController.m */ = {isa = PBXFileReference; fileEncoding = 4; lastKnownFileType = sourcecode.c.objc; path = LoginViewController.m; sourceTree = "<group>"; };
		9B9FDCD41C56215B00DD7F24 /* PayHistoryTableViewController.h */ = {isa = PBXFileReference; fileEncoding = 4; lastKnownFileType = sourcecode.c.h; path = PayHistoryTableViewController.h; sourceTree = "<group>"; };
		9B9FDCD51C56215B00DD7F24 /* PayHistoryTableViewController.m */ = {isa = PBXFileReference; fileEncoding = 4; lastKnownFileType = sourcecode.c.objc; path = PayHistoryTableViewController.m; sourceTree = "<group>"; };
		9B9FDCD81C5621D100DD7F24 /* PayHistoryTableViewCell.h */ = {isa = PBXFileReference; fileEncoding = 4; lastKnownFileType = sourcecode.c.h; path = PayHistoryTableViewCell.h; sourceTree = "<group>"; };
		9B9FDCD91C5621D100DD7F24 /* PayHistoryTableViewCell.m */ = {isa = PBXFileReference; fileEncoding = 4; lastKnownFileType = sourcecode.c.objc; path = PayHistoryTableViewCell.m; sourceTree = "<group>"; };
		9BB1B64B1C575882007587E0 /* RegisterTableViewController.h */ = {isa = PBXFileReference; fileEncoding = 4; lastKnownFileType = sourcecode.c.h; path = RegisterTableViewController.h; sourceTree = "<group>"; };
		9BB1B64C1C575882007587E0 /* RegisterTableViewController.m */ = {isa = PBXFileReference; fileEncoding = 4; lastKnownFileType = sourcecode.c.objc; path = RegisterTableViewController.m; sourceTree = "<group>"; };
		9BB1B64E1C577E78007587E0 /* TopUpViewController.h */ = {isa = PBXFileReference; fileEncoding = 4; lastKnownFileType = sourcecode.c.h; path = TopUpViewController.h; sourceTree = "<group>"; };
		9BB1B64F1C577E78007587E0 /* TopUpViewController.m */ = {isa = PBXFileReference; fileEncoding = 4; lastKnownFileType = sourcecode.c.objc; path = TopUpViewController.m; sourceTree = "<group>"; };
		9BB1B6511C577F9F007587E0 /* MenuTableViewController.h */ = {isa = PBXFileReference; fileEncoding = 4; lastKnownFileType = sourcecode.c.h; path = MenuTableViewController.h; sourceTree = "<group>"; };
		9BB1B6521C577F9F007587E0 /* MenuTableViewController.m */ = {isa = PBXFileReference; fileEncoding = 4; lastKnownFileType = sourcecode.c.objc; path = MenuTableViewController.m; sourceTree = "<group>"; };
		9BD4283A1C899B3D007C1AE5 /* TopUpPulsaListTableViewController.h */ = {isa = PBXFileReference; fileEncoding = 4; lastKnownFileType = sourcecode.c.h; path = TopUpPulsaListTableViewController.h; sourceTree = "<group>"; };
		9BD4283B1C899B3D007C1AE5 /* TopUpPulsaListTableViewController.m */ = {isa = PBXFileReference; fileEncoding = 4; lastKnownFileType = sourcecode.c.objc; path = TopUpPulsaListTableViewController.m; sourceTree = "<group>"; };
		9BDC2F2E1CEB177200385A08 /* PaymentHistory.h */ = {isa = PBXFileReference; fileEncoding = 4; lastKnownFileType = sourcecode.c.h; path = PaymentHistory.h; sourceTree = "<group>"; };
		9BDC2F2F1CEB177200385A08 /* PaymentHistory.m */ = {isa = PBXFileReference; fileEncoding = 4; lastKnownFileType = sourcecode.c.objc; path = PaymentHistory.m; sourceTree = "<group>"; };
		9BE6B6A01C5B0CC000D783B9 /* TopUpPulsaTableViewController.h */ = {isa = PBXFileReference; fileEncoding = 4; lastKnownFileType = sourcecode.c.h; path = TopUpPulsaTableViewController.h; sourceTree = "<group>"; };
		9BE6B6A11C5B0CC000D783B9 /* TopUpPulsaTableViewController.m */ = {isa = PBXFileReference; fileEncoding = 4; lastKnownFileType = sourcecode.c.objc; path = TopUpPulsaTableViewController.m; sourceTree = "<group>"; };
		D2DA9FC69C931A454D1A422B /* Pods.debug.xcconfig */ = {isa = PBXFileReference; includeInIndex = 1; lastKnownFileType = text.xcconfig; name = Pods.debug.xcconfig; path = "Pods/Target Support Files/Pods/Pods.debug.xcconfig"; sourceTree = "<group>"; };
/* End PBXFileReference section */

/* Begin PBXFrameworksBuildPhase section */
		9B9FDC941C55D1E800DD7F24 /* Frameworks */ = {
			isa = PBXFrameworksBuildPhase;
			buildActionMask = 2147483647;
			files = (
				5D354B39EB569F07D5ACA3B3 /* libPods.a in Frameworks */,
			);
			runOnlyForDeploymentPostprocessing = 0;
		};
		9B9FDCB01C55D1E800DD7F24 /* Frameworks */ = {
			isa = PBXFrameworksBuildPhase;
			buildActionMask = 2147483647;
			files = (
			);
			runOnlyForDeploymentPostprocessing = 0;
		};
		9B9FDCBB1C55D1E800DD7F24 /* Frameworks */ = {
			isa = PBXFrameworksBuildPhase;
			buildActionMask = 2147483647;
			files = (
			);
			runOnlyForDeploymentPostprocessing = 0;
		};
/* End PBXFrameworksBuildPhase section */

/* Begin PBXGroup section */
		7CB2E235AE852670447C28C7 /* Frameworks */ = {
			isa = PBXGroup;
			children = (
				79D47D1B81F15147EB132C5E /* libPods.a */,
			);
			name = Frameworks;
			sourceTree = "<group>";
		};
		8F839BD87B26D04590E63B71 /* Pods */ = {
			isa = PBXGroup;
			children = (
				D2DA9FC69C931A454D1A422B /* Pods.debug.xcconfig */,
				57E7D9D2EFF8C19502DB37AD /* Pods.release.xcconfig */,
			);
			name = Pods;
			sourceTree = "<group>";
		};
		9B5572421C61CC9C00D4D938 /* Utils */ = {
			isa = PBXGroup;
			children = (
				9B5572431C61CCBF00D4D938 /* Constants.h */,
				9B5572441C61CF2600D4D938 /* APIClient.h */,
				9B5572451C61CF2600D4D938 /* APIClient.m */,
				9B88C0E91C720F1F00216A22 /* Utils.h */,
				9B88C0EA1C720F1F00216A22 /* Utils.m */,
			);
			name = Utils;
			sourceTree = "<group>";
		};
		9B5572471C61D54500D4D938 /* Models */ = {
			isa = PBXGroup;
			children = (
				9B5572481C61D55B00D4D938 /* User.h */,
				9B5572491C61D55B00D4D938 /* User.m */,
				9BDC2F2E1CEB177200385A08 /* PaymentHistory.h */,
				9BDC2F2F1CEB177200385A08 /* PaymentHistory.m */,
			);
			name = Models;
			sourceTree = "<group>";
		};
		9B9FDC8E1C55D1E800DD7F24 = {
			isa = PBXGroup;
			children = (
				9B9FDC991C55D1E800DD7F24 /* digipay */,
				9B9FDCB61C55D1E800DD7F24 /* digipayTests */,
				9B9FDCC11C55D1E800DD7F24 /* digipayUITests */,
				9B9FDC981C55D1E800DD7F24 /* Products */,
				8F839BD87B26D04590E63B71 /* Pods */,
				7CB2E235AE852670447C28C7 /* Frameworks */,
			);
			sourceTree = "<group>";
		};
		9B9FDC981C55D1E800DD7F24 /* Products */ = {
			isa = PBXGroup;
			children = (
				9B9FDC971C55D1E800DD7F24 /* digipay.app */,
				9B9FDCB31C55D1E800DD7F24 /* digipayTests.xctest */,
				9B9FDCBE1C55D1E800DD7F24 /* digipayUITests.xctest */,
			);
			name = Products;
			sourceTree = "<group>";
		};
		9B9FDC991C55D1E800DD7F24 /* digipay */ = {
			isa = PBXGroup;
			children = (
				9B9FDCD71C5621C000DD7F24 /* Cells */,
				9B9FDCD01C55D41D00DD7F24 /* Controllers */,
				9B5572421C61CC9C00D4D938 /* Utils */,
				9B5572471C61D54500D4D938 /* Models */,
				9B9FDC9D1C55D1E800DD7F24 /* AppDelegate.h */,
				9B9FDC9E1C55D1E800DD7F24 /* AppDelegate.m */,
				9B9FDCA31C55D1E800DD7F24 /* Main.storyboard */,
				9B9FDCA91C55D1E800DD7F24 /* Assets.xcassets */,
				9B9FDCAB1C55D1E800DD7F24 /* LaunchScreen.storyboard */,
				9B9FDCAE1C55D1E800DD7F24 /* Info.plist */,
				9B9FDCA61C55D1E800DD7F24 /* digipay.xcdatamodeld */,
				9B9FDC9A1C55D1E800DD7F24 /* Supporting Files */,
			);
			path = digipay;
			sourceTree = "<group>";
		};
		9B9FDC9A1C55D1E800DD7F24 /* Supporting Files */ = {
			isa = PBXGroup;
			children = (
				9B9FDC9B1C55D1E800DD7F24 /* main.m */,
			);
			name = "Supporting Files";
			sourceTree = "<group>";
		};
		9B9FDCB61C55D1E800DD7F24 /* digipayTests */ = {
			isa = PBXGroup;
			children = (
				9B9FDCB71C55D1E800DD7F24 /* digipayTests.m */,
				9B9FDCB91C55D1E800DD7F24 /* Info.plist */,
			);
			path = digipayTests;
			sourceTree = "<group>";
		};
		9B9FDCC11C55D1E800DD7F24 /* digipayUITests */ = {
			isa = PBXGroup;
			children = (
				9B9FDCC21C55D1E800DD7F24 /* digipayUITests.m */,
				9B9FDCC41C55D1E800DD7F24 /* Info.plist */,
			);
			path = digipayUITests;
			sourceTree = "<group>";
		};
		9B9FDCD01C55D41D00DD7F24 /* Controllers */ = {
			isa = PBXGroup;
			children = (
				9BB1B6511C577F9F007587E0 /* MenuTableViewController.h */,
				9BB1B6521C577F9F007587E0 /* MenuTableViewController.m */,
				9B9FDCD11C55D43700DD7F24 /* LoginViewController.h */,
				9B9FDCD21C55D43700DD7F24 /* LoginViewController.m */,
				9BB1B64B1C575882007587E0 /* RegisterTableViewController.h */,
				9BB1B64C1C575882007587E0 /* RegisterTableViewController.m */,
				9B24FC381C59F7160095917D /* EditProfileTableViewController.h */,
				9B24FC391C59F7160095917D /* EditProfileTableViewController.m */,
				9B9FDCD41C56215B00DD7F24 /* PayHistoryTableViewController.h */,
				9B9FDCD51C56215B00DD7F24 /* PayHistoryTableViewController.m */,
				9BB1B64E1C577E78007587E0 /* TopUpViewController.h */,
				9BB1B64F1C577E78007587E0 /* TopUpViewController.m */,
				9BE6B6A01C5B0CC000D783B9 /* TopUpPulsaTableViewController.h */,
				9BE6B6A11C5B0CC000D783B9 /* TopUpPulsaTableViewController.m */,
				9BD4283A1C899B3D007C1AE5 /* TopUpPulsaListTableViewController.h */,
				9BD4283B1C899B3D007C1AE5 /* TopUpPulsaListTableViewController.m */,
				9B6FD9071CAD467E0037BC81 /* TopupListrikTableViewController.h */,
				9B6FD9081CAD467E0037BC81 /* TopupListrikTableViewController.m */,
				9B6FD90A1CAD4BDF0037BC81 /* PayViewController.h */,
				9B6FD90B1CAD4BDF0037BC81 /* PayViewController.m */,
				9B6FD90D1CAD60130037BC81 /* MyWalletViewController.h */,
				9B6FD90E1CAD60130037BC81 /* MyWalletViewController.m */,
				9B2639931CAE5EE9008C59D0 /* ChangePasswordAndPinTableViewController.h */,
				9B2639941CAE5EE9008C59D0 /* ChangePasswordAndPinTableViewController.m */,
				9B2639971CAE866A008C59D0 /* CallUsViewController.h */,
				9B2639981CAE866A008C59D0 /* CallUsViewController.m */,
			);
			name = Controllers;
			sourceTree = "<group>";
		};
		9B9FDCD71C5621C000DD7F24 /* Cells */ = {
			isa = PBXGroup;
			children = (
				9B9FDCD81C5621D100DD7F24 /* PayHistoryTableViewCell.h */,
				9B9FDCD91C5621D100DD7F24 /* PayHistoryTableViewCell.m */,
				9B1789A41CBD339600E48844 /* TopupWalletFieldTableViewCell.h */,
				9B1789A51CBD339600E48844 /* TopupWalletFieldTableViewCell.m */,
			);
			name = Cells;
			sourceTree = "<group>";
		};
/* End PBXGroup section */

/* Begin PBXNativeTarget section */
		9B9FDC961C55D1E800DD7F24 /* digipay */ = {
			isa = PBXNativeTarget;
			buildConfigurationList = 9B9FDCC71C55D1E800DD7F24 /* Build configuration list for PBXNativeTarget "digipay" */;
			buildPhases = (
				DFFDD7B7667B083E74892C65 /* Check Pods Manifest.lock */,
				9B9FDC931C55D1E800DD7F24 /* Sources */,
				9B9FDC941C55D1E800DD7F24 /* Frameworks */,
				9B9FDC951C55D1E800DD7F24 /* Resources */,
				5516E5F2CD2C3944E21E6136 /* Embed Pods Frameworks */,
				CF83813A3C6D7BED44F42EBE /* Copy Pods Resources */,
				9BDC2F311CEB35B400385A08 /* ShellScript */,
			);
			buildRules = (
			);
			dependencies = (
			);
			name = digipay;
			productName = digipay;
			productReference = 9B9FDC971C55D1E800DD7F24 /* digipay.app */;
			productType = "com.apple.product-type.application";
		};
		9B9FDCB21C55D1E800DD7F24 /* digipayTests */ = {
			isa = PBXNativeTarget;
			buildConfigurationList = 9B9FDCCA1C55D1E800DD7F24 /* Build configuration list for PBXNativeTarget "digipayTests" */;
			buildPhases = (
				9B9FDCAF1C55D1E800DD7F24 /* Sources */,
				9B9FDCB01C55D1E800DD7F24 /* Frameworks */,
				9B9FDCB11C55D1E800DD7F24 /* Resources */,
			);
			buildRules = (
			);
			dependencies = (
				9B9FDCB51C55D1E800DD7F24 /* PBXTargetDependency */,
			);
			name = digipayTests;
			productName = digipayTests;
			productReference = 9B9FDCB31C55D1E800DD7F24 /* digipayTests.xctest */;
			productType = "com.apple.product-type.bundle.unit-test";
		};
		9B9FDCBD1C55D1E800DD7F24 /* digipayUITests */ = {
			isa = PBXNativeTarget;
			buildConfigurationList = 9B9FDCCD1C55D1E800DD7F24 /* Build configuration list for PBXNativeTarget "digipayUITests" */;
			buildPhases = (
				9B9FDCBA1C55D1E800DD7F24 /* Sources */,
				9B9FDCBB1C55D1E800DD7F24 /* Frameworks */,
				9B9FDCBC1C55D1E800DD7F24 /* Resources */,
			);
			buildRules = (
			);
			dependencies = (
				9B9FDCC01C55D1E800DD7F24 /* PBXTargetDependency */,
			);
			name = digipayUITests;
			productName = digipayUITests;
			productReference = 9B9FDCBE1C55D1E800DD7F24 /* digipayUITests.xctest */;
			productType = "com.apple.product-type.bundle.ui-testing";
		};
/* End PBXNativeTarget section */

/* Begin PBXProject section */
		9B9FDC8F1C55D1E800DD7F24 /* Project object */ = {
			isa = PBXProject;
			attributes = {
				LastUpgradeCheck = 0720;
				ORGANIZATIONNAME = "Lutfi Azhar";
				TargetAttributes = {
					9B9FDC961C55D1E800DD7F24 = {
						CreatedOnToolsVersion = 7.2;
						DevelopmentTeam = FY2XL668XT;
					};
					9B9FDCB21C55D1E800DD7F24 = {
						CreatedOnToolsVersion = 7.2;
						TestTargetID = 9B9FDC961C55D1E800DD7F24;
					};
					9B9FDCBD1C55D1E800DD7F24 = {
						CreatedOnToolsVersion = 7.2;
						TestTargetID = 9B9FDC961C55D1E800DD7F24;
					};
				};
			};
			buildConfigurationList = 9B9FDC921C55D1E800DD7F24 /* Build configuration list for PBXProject "digipay" */;
			compatibilityVersion = "Xcode 3.2";
			developmentRegion = English;
			hasScannedForEncodings = 0;
			knownRegions = (
				en,
				Base,
			);
			mainGroup = 9B9FDC8E1C55D1E800DD7F24;
			productRefGroup = 9B9FDC981C55D1E800DD7F24 /* Products */;
			projectDirPath = "";
			projectRoot = "";
			targets = (
				9B9FDC961C55D1E800DD7F24 /* digipay */,
				9B9FDCB21C55D1E800DD7F24 /* digipayTests */,
				9B9FDCBD1C55D1E800DD7F24 /* digipayUITests */,
			);
		};
/* End PBXProject section */

/* Begin PBXResourcesBuildPhase section */
		9B9FDC951C55D1E800DD7F24 /* Resources */ = {
			isa = PBXResourcesBuildPhase;
			buildActionMask = 2147483647;
			files = (
				9B9FDCAD1C55D1E800DD7F24 /* LaunchScreen.storyboard in Resources */,
				9B9FDCAA1C55D1E800DD7F24 /* Assets.xcassets in Resources */,
				9B9FDCA51C55D1E800DD7F24 /* Main.storyboard in Resources */,
			);
			runOnlyForDeploymentPostprocessing = 0;
		};
		9B9FDCB11C55D1E800DD7F24 /* Resources */ = {
			isa = PBXResourcesBuildPhase;
			buildActionMask = 2147483647;
			files = (
			);
			runOnlyForDeploymentPostprocessing = 0;
		};
		9B9FDCBC1C55D1E800DD7F24 /* Resources */ = {
			isa = PBXResourcesBuildPhase;
			buildActionMask = 2147483647;
			files = (
			);
			runOnlyForDeploymentPostprocessing = 0;
		};
/* End PBXResourcesBuildPhase section */

/* Begin PBXShellScriptBuildPhase section */
		5516E5F2CD2C3944E21E6136 /* Embed Pods Frameworks */ = {
			isa = PBXShellScriptBuildPhase;
			buildActionMask = 2147483647;
			files = (
			);
			inputPaths = (
			);
			name = "Embed Pods Frameworks";
			outputPaths = (
			);
			runOnlyForDeploymentPostprocessing = 0;
			shellPath = /bin/sh;
			shellScript = "\"${SRCROOT}/Pods/Target Support Files/Pods/Pods-frameworks.sh\"\n";
			showEnvVarsInLog = 0;
		};
		9BDC2F311CEB35B400385A08 /* ShellScript */ = {
			isa = PBXShellScriptBuildPhase;
			buildActionMask = 2147483647;
			files = (
			);
			inputPaths = (
			);
			outputPaths = (
			);
			runOnlyForDeploymentPostprocessing = 0;
			shellPath = /bin/sh;
			shellScript = "\"${PODS_ROOT}/Fabric/run\" ce61721ac9a7626f5aa478d3eca82839f86a0e9a 55a236024163ddcc60bd473b9dd20dd5af1802e4f1831df855f6d270906b1ff0";
		};
		CF83813A3C6D7BED44F42EBE /* Copy Pods Resources */ = {
			isa = PBXShellScriptBuildPhase;
			buildActionMask = 2147483647;
			files = (
			);
			inputPaths = (
			);
			name = "Copy Pods Resources";
			outputPaths = (
			);
			runOnlyForDeploymentPostprocessing = 0;
			shellPath = /bin/sh;
			shellScript = "\"${SRCROOT}/Pods/Target Support Files/Pods/Pods-resources.sh\"\n";
			showEnvVarsInLog = 0;
		};
		DFFDD7B7667B083E74892C65 /* Check Pods Manifest.lock */ = {
			isa = PBXShellScriptBuildPhase;
			buildActionMask = 2147483647;
			files = (
			);
			inputPaths = (
			);
			name = "Check Pods Manifest.lock";
			outputPaths = (
			);
			runOnlyForDeploymentPostprocessing = 0;
			shellPath = /bin/sh;
			shellScript = "diff \"${PODS_ROOT}/../Podfile.lock\" \"${PODS_ROOT}/Manifest.lock\" > /dev/null\nif [[ $? != 0 ]] ; then\n    cat << EOM\nerror: The sandbox is not in sync with the Podfile.lock. Run 'pod install' or update your CocoaPods installation.\nEOM\n    exit 1\nfi\n";
			showEnvVarsInLog = 0;
		};
/* End PBXShellScriptBuildPhase section */

/* Begin PBXSourcesBuildPhase section */
		9B9FDC931C55D1E800DD7F24 /* Sources */ = {
			isa = PBXSourcesBuildPhase;
			buildActionMask = 2147483647;
			files = (
				9B24FC3A1C59F7160095917D /* EditProfileTableViewController.m in Sources */,
				9B6FD90C1CAD4BDF0037BC81 /* PayViewController.m in Sources */,
				9BE6B6A21C5B0CC000D783B9 /* TopUpPulsaTableViewController.m in Sources */,
				9B1789A61CBD339600E48844 /* TopupWalletFieldTableViewCell.m in Sources */,
				9B2639991CAE866A008C59D0 /* CallUsViewController.m in Sources */,
				9B88C0EB1C720F1F00216A22 /* Utils.m in Sources */,
				9B9FDCD61C56215B00DD7F24 /* PayHistoryTableViewController.m in Sources */,
				9BB1B6501C577E78007587E0 /* TopUpViewController.m in Sources */,
				9B9FDC9F1C55D1E800DD7F24 /* AppDelegate.m in Sources */,
				9BB1B6531C577F9F007587E0 /* MenuTableViewController.m in Sources */,
				9B9FDC9C1C55D1E800DD7F24 /* main.m in Sources */,
				9B6FD9091CAD467E0037BC81 /* TopupListrikTableViewController.m in Sources */,
				9B55724A1C61D55B00D4D938 /* User.m in Sources */,
				9B6FD90F1CAD60130037BC81 /* MyWalletViewController.m in Sources */,
				9BB1B64D1C575882007587E0 /* RegisterTableViewController.m in Sources */,
				9B2639951CAE5EE9008C59D0 /* ChangePasswordAndPinTableViewController.m in Sources */,
				9B9FDCDA1C5621D100DD7F24 /* PayHistoryTableViewCell.m in Sources */,
				9B5572461C61CF2600D4D938 /* APIClient.m in Sources */,
				9B9FDCA81C55D1E800DD7F24 /* digipay.xcdatamodeld in Sources */,
				9BD4283C1C899B3D007C1AE5 /* TopUpPulsaListTableViewController.m in Sources */,
				9B9FDCD31C55D43700DD7F24 /* LoginViewController.m in Sources */,
				9BDC2F301CEB177200385A08 /* PaymentHistory.m in Sources */,
			);
			runOnlyForDeploymentPostprocessing = 0;
		};
		9B9FDCAF1C55D1E800DD7F24 /* Sources */ = {
			isa = PBXSourcesBuildPhase;
			buildActionMask = 2147483647;
			files = (
				9B9FDCB81C55D1E800DD7F24 /* digipayTests.m in Sources */,
			);
			runOnlyForDeploymentPostprocessing = 0;
		};
		9B9FDCBA1C55D1E800DD7F24 /* Sources */ = {
			isa = PBXSourcesBuildPhase;
			buildActionMask = 2147483647;
			files = (
				9B9FDCC31C55D1E800DD7F24 /* digipayUITests.m in Sources */,
			);
			runOnlyForDeploymentPostprocessing = 0;
		};
/* End PBXSourcesBuildPhase section */

/* Begin PBXTargetDependency section */
		9B9FDCB51C55D1E800DD7F24 /* PBXTargetDependency */ = {
			isa = PBXTargetDependency;
			target = 9B9FDC961C55D1E800DD7F24 /* digipay */;
			targetProxy = 9B9FDCB41C55D1E800DD7F24 /* PBXContainerItemProxy */;
		};
		9B9FDCC01C55D1E800DD7F24 /* PBXTargetDependency */ = {
			isa = PBXTargetDependency;
			target = 9B9FDC961C55D1E800DD7F24 /* digipay */;
			targetProxy = 9B9FDCBF1C55D1E800DD7F24 /* PBXContainerItemProxy */;
		};
/* End PBXTargetDependency section */

/* Begin PBXVariantGroup section */
		9B9FDCA31C55D1E800DD7F24 /* Main.storyboard */ = {
			isa = PBXVariantGroup;
			children = (
				9B9FDCA41C55D1E800DD7F24 /* Base */,
			);
			name = Main.storyboard;
			sourceTree = "<group>";
		};
		9B9FDCAB1C55D1E800DD7F24 /* LaunchScreen.storyboard */ = {
			isa = PBXVariantGroup;
			children = (
				9B9FDCAC1C55D1E800DD7F24 /* Base */,
			);
			name = LaunchScreen.storyboard;
			sourceTree = "<group>";
		};
/* End PBXVariantGroup section */

/* Begin XCBuildConfiguration section */
		9B9FDCC51C55D1E800DD7F24 /* Debug */ = {
			isa = XCBuildConfiguration;
			buildSettings = {
				ALWAYS_SEARCH_USER_PATHS = NO;
				CLANG_CXX_LANGUAGE_STANDARD = "gnu++0x";
				CLANG_CXX_LIBRARY = "libc++";
				CLANG_ENABLE_MODULES = YES;
				CLANG_ENABLE_OBJC_ARC = YES;
				CLANG_WARN_BOOL_CONVERSION = YES;
				CLANG_WARN_CONSTANT_CONVERSION = YES;
				CLANG_WARN_DIRECT_OBJC_ISA_USAGE = YES_ERROR;
				CLANG_WARN_EMPTY_BODY = YES;
				CLANG_WARN_ENUM_CONVERSION = YES;
				CLANG_WARN_INT_CONVERSION = YES;
				CLANG_WARN_OBJC_ROOT_CLASS = YES_ERROR;
				CLANG_WARN_UNREACHABLE_CODE = YES;
				CLANG_WARN__DUPLICATE_METHOD_MATCH = YES;
				"CODE_SIGN_IDENTITY[sdk=iphoneos*]" = "iPhone Developer";
				COPY_PHASE_STRIP = NO;
				DEBUG_INFORMATION_FORMAT = dwarf;
				ENABLE_STRICT_OBJC_MSGSEND = YES;
				ENABLE_TESTABILITY = YES;
				GCC_C_LANGUAGE_STANDARD = gnu99;
				GCC_DYNAMIC_NO_PIC = NO;
				GCC_NO_COMMON_BLOCKS = YES;
				GCC_OPTIMIZATION_LEVEL = 0;
				GCC_PREPROCESSOR_DEFINITIONS = (
					"DEBUG=1",
					"$(inherited)",
				);
				GCC_WARN_64_TO_32_BIT_CONVERSION = YES;
				GCC_WARN_ABOUT_RETURN_TYPE = YES_ERROR;
				GCC_WARN_UNDECLARED_SELECTOR = YES;
				GCC_WARN_UNINITIALIZED_AUTOS = YES_AGGRESSIVE;
				GCC_WARN_UNUSED_FUNCTION = YES;
				GCC_WARN_UNUSED_VARIABLE = YES;
				IPHONEOS_DEPLOYMENT_TARGET = 9.2;
				MTL_ENABLE_DEBUG_INFO = YES;
				ONLY_ACTIVE_ARCH = YES;
				SDKROOT = iphoneos;
				TARGETED_DEVICE_FAMILY = "1,2";
			};
			name = Debug;
		};
		9B9FDCC61C55D1E800DD7F24 /* Release */ = {
			isa = XCBuildConfiguration;
			buildSettings = {
				ALWAYS_SEARCH_USER_PATHS = NO;
				CLANG_CXX_LANGUAGE_STANDARD = "gnu++0x";
				CLANG_CXX_LIBRARY = "libc++";
				CLANG_ENABLE_MODULES = YES;
				CLANG_ENABLE_OBJC_ARC = YES;
				CLANG_WARN_BOOL_CONVERSION = YES;
				CLANG_WARN_CONSTANT_CONVERSION = YES;
				CLANG_WARN_DIRECT_OBJC_ISA_USAGE = YES_ERROR;
				CLANG_WARN_EMPTY_BODY = YES;
				CLANG_WARN_ENUM_CONVERSION = YES;
				CLANG_WARN_INT_CONVERSION = YES;
				CLANG_WARN_OBJC_ROOT_CLASS = YES_ERROR;
				CLANG_WARN_UNREACHABLE_CODE = YES;
				CLANG_WARN__DUPLICATE_METHOD_MATCH = YES;
				"CODE_SIGN_IDENTITY[sdk=iphoneos*]" = "iPhone Developer";
				COPY_PHASE_STRIP = NO;
				DEBUG_INFORMATION_FORMAT = "dwarf-with-dsym";
				ENABLE_NS_ASSERTIONS = NO;
				ENABLE_STRICT_OBJC_MSGSEND = YES;
				GCC_C_LANGUAGE_STANDARD = gnu99;
				GCC_NO_COMMON_BLOCKS = YES;
				GCC_WARN_64_TO_32_BIT_CONVERSION = YES;
				GCC_WARN_ABOUT_RETURN_TYPE = YES_ERROR;
				GCC_WARN_UNDECLARED_SELECTOR = YES;
				GCC_WARN_UNINITIALIZED_AUTOS = YES_AGGRESSIVE;
				GCC_WARN_UNUSED_FUNCTION = YES;
				GCC_WARN_UNUSED_VARIABLE = YES;
				IPHONEOS_DEPLOYMENT_TARGET = 9.2;
				MTL_ENABLE_DEBUG_INFO = NO;
				SDKROOT = iphoneos;
				TARGETED_DEVICE_FAMILY = "1,2";
				VALIDATE_PRODUCT = YES;
			};
			name = Release;
		};
		9B9FDCC81C55D1E800DD7F24 /* Debug */ = {
			isa = XCBuildConfiguration;
			baseConfigurationReference = D2DA9FC69C931A454D1A422B /* Pods.debug.xcconfig */;
			buildSettings = {
				ASSETCATALOG_COMPILER_APPICON_NAME = AppIcon;
				CODE_SIGN_IDENTITY = "iPhone Distribution: dian hariani (FY2XL668XT)";
				INFOPLIST_FILE = digipay/Info.plist;
				LD_RUNPATH_SEARCH_PATHS = "$(inherited) @executable_path/Frameworks";
				PRODUCT_BUNDLE_IDENTIFIER = com.walletku.walletku;
				PRODUCT_NAME = "$(TARGET_NAME)";
				PROVISIONING_PROFILE = "c7289478-7ba4-424a-8749-75b41475f113";
			};
			name = Debug;
		};
		9B9FDCC91C55D1E800DD7F24 /* Release */ = {
			isa = XCBuildConfiguration;
			baseConfigurationReference = 57E7D9D2EFF8C19502DB37AD /* Pods.release.xcconfig */;
			buildSettings = {
				ASSETCATALOG_COMPILER_APPICON_NAME = AppIcon;
				CODE_SIGN_IDENTITY = "iPhone Distribution: dian hariani (FY2XL668XT)";
				INFOPLIST_FILE = digipay/Info.plist;
				LD_RUNPATH_SEARCH_PATHS = "$(inherited) @executable_path/Frameworks";
				PRODUCT_BUNDLE_IDENTIFIER = com.walletku.walletku;
				PRODUCT_NAME = "$(TARGET_NAME)";
				PROVISIONING_PROFILE = "c7289478-7ba4-424a-8749-75b41475f113";
			};
			name = Release;
		};
		9B9FDCCB1C55D1E800DD7F24 /* Debug */ = {
			isa = XCBuildConfiguration;
			buildSettings = {
				BUNDLE_LOADER = "$(TEST_HOST)";
				INFOPLIST_FILE = digipayTests/Info.plist;
				LD_RUNPATH_SEARCH_PATHS = "$(inherited) @executable_path/Frameworks @loader_path/Frameworks";
				PRODUCT_BUNDLE_IDENTIFIER = com.testing.digipayTests;
				PRODUCT_NAME = "$(TARGET_NAME)";
				TEST_HOST = "$(BUILT_PRODUCTS_DIR)/digipay.app/digipay";
			};
			name = Debug;
		};
		9B9FDCCC1C55D1E800DD7F24 /* Release */ = {
			isa = XCBuildConfiguration;
			buildSettings = {
				BUNDLE_LOADER = "$(TEST_HOST)";
				INFOPLIST_FILE = digipayTests/Info.plist;
				LD_RUNPATH_SEARCH_PATHS = "$(inherited) @executable_path/Frameworks @loader_path/Frameworks";
				PRODUCT_BUNDLE_IDENTIFIER = com.testing.digipayTests;
				PRODUCT_NAME = "$(TARGET_NAME)";
				TEST_HOST = "$(BUILT_PRODUCTS_DIR)/digipay.app/digipay";
			};
			name = Release;
		};
		9B9FDCCE1C55D1E800DD7F24 /* Debug */ = {
			isa = XCBuildConfiguration;
			buildSettings = {
				INFOPLIST_FILE = digipayUITests/Info.plist;
				LD_RUNPATH_SEARCH_PATHS = "$(inherited) @executable_path/Frameworks @loader_path/Frameworks";
				PRODUCT_BUNDLE_IDENTIFIER = com.testing.digipayUITests;
				PRODUCT_NAME = "$(TARGET_NAME)";
				TEST_TARGET_NAME = digipay;
				USES_XCTRUNNER = YES;
			};
			name = Debug;
		};
		9B9FDCCF1C55D1E800DD7F24 /* Release */ = {
			isa = XCBuildConfiguration;
			buildSettings = {
				INFOPLIST_FILE = digipayUITests/Info.plist;
				LD_RUNPATH_SEARCH_PATHS = "$(inherited) @executable_path/Frameworks @loader_path/Frameworks";
				PRODUCT_BUNDLE_IDENTIFIER = com.testing.digipayUITests;
				PRODUCT_NAME = "$(TARGET_NAME)";
				TEST_TARGET_NAME = digipay;
				USES_XCTRUNNER = YES;
			};
			name = Release;
		};
/* End XCBuildConfiguration section */

/* Begin XCConfigurationList section */
		9B9FDC921C55D1E800DD7F24 /* Build configuration list for PBXProject "digipay" */ = {
			isa = XCConfigurationList;
			buildConfigurations = (
				9B9FDCC51C55D1E800DD7F24 /* Debug */,
				9B9FDCC61C55D1E800DD7F24 /* Release */,
			);
			defaultConfigurationIsVisible = 0;
			defaultConfigurationName = Release;
		};
		9B9FDCC71C55D1E800DD7F24 /* Build configuration list for PBXNativeTarget "digipay" */ = {
			isa = XCConfigurationList;
			buildConfigurations = (
				9B9FDCC81C55D1E800DD7F24 /* Debug */,
				9B9FDCC91C55D1E800DD7F24 /* Release */,
			);
			defaultConfigurationIsVisible = 0;
			defaultConfigurationName = Release;
		};
		9B9FDCCA1C55D1E800DD7F24 /* Build configuration list for PBXNativeTarget "digipayTests" */ = {
			isa = XCConfigurationList;
			buildConfigurations = (
				9B9FDCCB1C55D1E800DD7F24 /* Debug */,
				9B9FDCCC1C55D1E800DD7F24 /* Release */,
			);
			defaultConfigurationIsVisible = 0;
			defaultConfigurationName = Release;
		};
		9B9FDCCD1C55D1E800DD7F24 /* Build configuration list for PBXNativeTarget "digipayUITests" */ = {
			isa = XCConfigurationList;
			buildConfigurations = (
				9B9FDCCE1C55D1E800DD7F24 /* Debug */,
				9B9FDCCF1C55D1E800DD7F24 /* Release */,
			);
			defaultConfigurationIsVisible = 0;
			defaultConfigurationName = Release;
		};
/* End XCConfigurationList section */

/* Begin XCVersionGroup section */
		9B9FDCA61C55D1E800DD7F24 /* digipay.xcdatamodeld */ = {
			isa = XCVersionGroup;
			children = (
				9B9FDCA71C55D1E800DD7F24 /* digipay.xcdatamodel */,
			);
			currentVersion = 9B9FDCA71C55D1E800DD7F24 /* digipay.xcdatamodel */;
			path = digipay.xcdatamodeld;
			sourceTree = "<group>";
			versionGroupType = wrapper.xcdatamodel;
		};
/* End XCVersionGroup section */
	};
	rootObject = 9B9FDC8F1C55D1E800DD7F24 /* Project object */;
}
